// !$*UTF8*$!
{
	archiveVersion = 1;
	classes = {
	};
	objectVersion = 46;
	objects = {

/* Begin PBXBuildFile section */
		849F7F4B19AB81EE00962BB1 /* Foundation.framework in Frameworks */ = {isa = PBXBuildFile; fileRef = 849F7F4A19AB81EE00962BB1 /* Foundation.framework */; };
		849F7F4D19AB81EE00962BB1 /* CoreGraphics.framework in Frameworks */ = {isa = PBXBuildFile; fileRef = 849F7F4C19AB81EE00962BB1 /* CoreGraphics.framework */; };
		849F7F4F19AB81EE00962BB1 /* UIKit.framework in Frameworks */ = {isa = PBXBuildFile; fileRef = 849F7F4E19AB81EE00962BB1 /* UIKit.framework */; };
		849F7F5519AB81EE00962BB1 /* InfoPlist.strings in Resources */ = {isa = PBXBuildFile; fileRef = 849F7F5319AB81EE00962BB1 /* InfoPlist.strings */; };
		849F7F5719AB81EE00962BB1 /* main.m in Sources */ = {isa = PBXBuildFile; fileRef = 849F7F5619AB81EE00962BB1 /* main.m */; };
		849F7F5B19AB81EE00962BB1 /* AppDelegate.m in Sources */ = {isa = PBXBuildFile; fileRef = 849F7F5A19AB81EE00962BB1 /* AppDelegate.m */; };
		849F7F5E19AB81EE00962BB1 /* Main.storyboard in Resources */ = {isa = PBXBuildFile; fileRef = 849F7F5C19AB81EE00962BB1 /* Main.storyboard */; };
		849F7F6119AB81EE00962BB1 /* FirstViewController.m in Sources */ = {isa = PBXBuildFile; fileRef = 849F7F6019AB81EE00962BB1 /* FirstViewController.m */; };
		849F7F6419AB81EE00962BB1 /* SecondViewController.m in Sources */ = {isa = PBXBuildFile; fileRef = 849F7F6319AB81EE00962BB1 /* SecondViewController.m */; };
		849F7F6619AB81EE00962BB1 /* Images.xcassets in Resources */ = {isa = PBXBuildFile; fileRef = 849F7F6519AB81EE00962BB1 /* Images.xcassets */; };
		849F7F6D19AB81EE00962BB1 /* XCTest.framework in Frameworks */ = {isa = PBXBuildFile; fileRef = 849F7F6C19AB81EE00962BB1 /* XCTest.framework */; };
		849F7F6E19AB81EE00962BB1 /* Foundation.framework in Frameworks */ = {isa = PBXBuildFile; fileRef = 849F7F4A19AB81EE00962BB1 /* Foundation.framework */; };
		849F7F6F19AB81EE00962BB1 /* UIKit.framework in Frameworks */ = {isa = PBXBuildFile; fileRef = 849F7F4E19AB81EE00962BB1 /* UIKit.framework */; };
		849F7F7719AB81EE00962BB1 /* InfoPlist.strings in Resources */ = {isa = PBXBuildFile; fileRef = 849F7F7519AB81EE00962BB1 /* InfoPlist.strings */; };
		849F7F7919AB81EE00962BB1 /* ZHGreenFutureTests.m in Sources */ = {isa = PBXBuildFile; fileRef = 849F7F7819AB81EE00962BB1 /* ZHGreenFutureTests.m */; };
		849F7F8319AB86F000962BB1 /* libz.1.dylib in Frameworks */ = {isa = PBXBuildFile; fileRef = 849F7F8219AB86F000962BB1 /* libz.1.dylib */; };
		9C9778A019B1900F00D49E69 /* NSData+AESEncryption.m in Sources */ = {isa = PBXBuildFile; fileRef = 9C97782D19B1900F00D49E69 /* NSData+AESEncryption.m */; };
		9C9778A119B1900F00D49E69 /* NSDictionary+ZHitem.m in Sources */ = {isa = PBXBuildFile; fileRef = 9C97782F19B1900F00D49E69 /* NSDictionary+ZHitem.m */; };
		9C9778A219B1900F00D49E69 /* NSObject+Instance.m in Sources */ = {isa = PBXBuildFile; fileRef = 9C97783119B1900F00D49E69 /* NSObject+Instance.m */; };
		9C9778A319B1900F00D49E69 /* NSString+ZHitem.m in Sources */ = {isa = PBXBuildFile; fileRef = 9C97783319B1900F00D49E69 /* NSString+ZHitem.m */; };
		9C9778A419B1900F00D49E69 /* UIControl+ZHitem.m in Sources */ = {isa = PBXBuildFile; fileRef = 9C97783519B1900F00D49E69 /* UIControl+ZHitem.m */; };
		9C9778A519B1900F00D49E69 /* UIImage+ZHitem.m in Sources */ = {isa = PBXBuildFile; fileRef = 9C97783719B1900F00D49E69 /* UIImage+ZHitem.m */; };
		9C9778A619B1900F00D49E69 /* UILabel+ZHitem.m in Sources */ = {isa = PBXBuildFile; fileRef = 9C97783919B1900F00D49E69 /* UILabel+ZHitem.m */; };
		9C9778A719B1900F00D49E69 /* UIView+ZHitem.m in Sources */ = {isa = PBXBuildFile; fileRef = 9C97783B19B1900F00D49E69 /* UIView+ZHitem.m */; };
		9C9778A819B1900F00D49E69 /* Config.m in Sources */ = {isa = PBXBuildFile; fileRef = 9C97783E19B1900F00D49E69 /* Config.m */; };
		9C9778A919B1900F00D49E69 /* HttpClient.m in Sources */ = {isa = PBXBuildFile; fileRef = 9C97784319B1900F00D49E69 /* HttpClient.m */; };
		9C9778AA19B1900F00D49E69 /* LocalSotrage.m in Sources */ = {isa = PBXBuildFile; fileRef = 9C97784619B1900F00D49E69 /* LocalSotrage.m */; };
		9C9778AB19B1900F00D49E69 /* MemoryStorage.m in Sources */ = {isa = PBXBuildFile; fileRef = 9C97784819B1900F00D49E69 /* MemoryStorage.m */; };
		9C9778AC19B1900F00D49E69 /* NavigationViewController.m in Sources */ = {isa = PBXBuildFile; fileRef = 9C97784C19B1900F00D49E69 /* NavigationViewController.m */; };
		9C9778AD19B1900F00D49E69 /* TabbarViewController.m in Sources */ = {isa = PBXBuildFile; fileRef = 9C97784E19B1900F00D49E69 /* TabbarViewController.m */; };
		9C9778AE19B1900F00D49E69 /* ZHViewController.m in Sources */ = {isa = PBXBuildFile; fileRef = 9C97785019B1900F00D49E69 /* ZHViewController.m */; };
		9C9778AF19B1900F00D49E69 /* BaseModel.m in Sources */ = {isa = PBXBuildFile; fileRef = 9C97785319B1900F00D49E69 /* BaseModel.m */; };
		9C9778B019B1900F00D49E69 /* InitCatagory.m in Sources */ = {isa = PBXBuildFile; fileRef = 9C97785519B1900F00D49E69 /* InitCatagory.m */; };
		9C9778B119B1900F00D49E69 /* ModelManager.m in Sources */ = {isa = PBXBuildFile; fileRef = 9C97785719B1900F00D49E69 /* ModelManager.m */; };
		9C9778B219B1900F00D49E69 /* NavigationBar.m in Sources */ = {isa = PBXBuildFile; fileRef = 9C97785B19B1900F00D49E69 /* NavigationBar.m */; };
		9C9778B319B1900F00D49E69 /* TabbarItem.m in Sources */ = {isa = PBXBuildFile; fileRef = 9C97785E19B1900F00D49E69 /* TabbarItem.m */; };
		9C9778B419B1900F00D49E69 /* TabbarView.m in Sources */ = {isa = PBXBuildFile; fileRef = 9C97786019B1900F00D49E69 /* TabbarView.m */; };
		9C9778B519B1900F00D49E69 /* AFHTTPRequestOperation.m in Sources */ = {isa = PBXBuildFile; fileRef = 9C97786419B1900F00D49E69 /* AFHTTPRequestOperation.m */; };
		9C9778B619B1900F00D49E69 /* AFHTTPRequestOperationManager.m in Sources */ = {isa = PBXBuildFile; fileRef = 9C97786619B1900F00D49E69 /* AFHTTPRequestOperationManager.m */; };
		9C9778B719B1900F00D49E69 /* AFHTTPSessionManager.m in Sources */ = {isa = PBXBuildFile; fileRef = 9C97786819B1900F00D49E69 /* AFHTTPSessionManager.m */; };
		9C9778B819B1900F00D49E69 /* AFNetworkReachabilityManager.m in Sources */ = {isa = PBXBuildFile; fileRef = 9C97786B19B1900F00D49E69 /* AFNetworkReachabilityManager.m */; };
		9C9778B919B1900F00D49E69 /* AFSecurityPolicy.m in Sources */ = {isa = PBXBuildFile; fileRef = 9C97786D19B1900F00D49E69 /* AFSecurityPolicy.m */; };
		9C9778BA19B1900F00D49E69 /* AFURLConnectionOperation.m in Sources */ = {isa = PBXBuildFile; fileRef = 9C97786F19B1900F00D49E69 /* AFURLConnectionOperation.m */; };
		9C9778BB19B1900F00D49E69 /* AFURLRequestSerialization.m in Sources */ = {isa = PBXBuildFile; fileRef = 9C97787119B1900F00D49E69 /* AFURLRequestSerialization.m */; };
		9C9778BC19B1900F00D49E69 /* AFURLResponseSerialization.m in Sources */ = {isa = PBXBuildFile; fileRef = 9C97787319B1900F00D49E69 /* AFURLResponseSerialization.m */; };
		9C9778BD19B1900F00D49E69 /* AFURLSessionManager.m in Sources */ = {isa = PBXBuildFile; fileRef = 9C97787519B1900F00D49E69 /* AFURLSessionManager.m */; };
		9C9778BE19B1900F00D49E69 /* CHANGELOG.md in Resources */ = {isa = PBXBuildFile; fileRef = 9C97787719B1900F00D49E69 /* CHANGELOG.md */; };
		9C9778BF19B1900F00D49E69 /* JSONKit.m in Sources */ = {isa = PBXBuildFile; fileRef = 9C97787919B1900F00D49E69 /* JSONKit.m */; settings = {COMPILER_FLAGS = "-fno-objc"; }; };
		9C9778C019B1900F00D49E69 /* README.md in Resources */ = {isa = PBXBuildFile; fileRef = 9C97787A19B1900F00D49E69 /* README.md */; };
		9C9778C119B1900F00D49E69 /* MKAnnotationView+WebCache.m in Sources */ = {isa = PBXBuildFile; fileRef = 9C97787D19B1900F00D49E69 /* MKAnnotationView+WebCache.m */; };
		9C9778C219B1900F00D49E69 /* NSData+ImageContentType.m in Sources */ = {isa = PBXBuildFile; fileRef = 9C97787F19B1900F00D49E69 /* NSData+ImageContentType.m */; };
		9C9778C319B1900F00D49E69 /* SDImageCache.m in Sources */ = {isa = PBXBuildFile; fileRef = 9C97788119B1900F00D49E69 /* SDImageCache.m */; };
		9C9778C419B1900F00D49E69 /* SDWebImageCompat.m in Sources */ = {isa = PBXBuildFile; fileRef = 9C97788319B1900F00D49E69 /* SDWebImageCompat.m */; };
		9C9778C519B1900F00D49E69 /* SDWebImageDecoder.m in Sources */ = {isa = PBXBuildFile; fileRef = 9C97788519B1900F00D49E69 /* SDWebImageDecoder.m */; };
		9C9778C619B1900F00D49E69 /* SDWebImageDownloader.m in Sources */ = {isa = PBXBuildFile; fileRef = 9C97788719B1900F00D49E69 /* SDWebImageDownloader.m */; };
		9C9778C719B1900F00D49E69 /* SDWebImageDownloaderOperation.m in Sources */ = {isa = PBXBuildFile; fileRef = 9C97788919B1900F00D49E69 /* SDWebImageDownloaderOperation.m */; };
		9C9778C819B1900F00D49E69 /* SDWebImageManager.m in Sources */ = {isa = PBXBuildFile; fileRef = 9C97788B19B1900F00D49E69 /* SDWebImageManager.m */; };
		9C9778C919B1900F00D49E69 /* SDWebImagePrefetcher.m in Sources */ = {isa = PBXBuildFile; fileRef = 9C97788E19B1900F00D49E69 /* SDWebImagePrefetcher.m */; };
		9C9778CA19B1900F00D49E69 /* UIButton+WebCache.m in Sources */ = {isa = PBXBuildFile; fileRef = 9C97789019B1900F00D49E69 /* UIButton+WebCache.m */; };
		9C9778CB19B1900F00D49E69 /* UIImage+GIF.m in Sources */ = {isa = PBXBuildFile; fileRef = 9C97789219B1900F00D49E69 /* UIImage+GIF.m */; };
		9C9778CC19B1900F00D49E69 /* UIImage+MultiFormat.m in Sources */ = {isa = PBXBuildFile; fileRef = 9C97789419B1900F00D49E69 /* UIImage+MultiFormat.m */; };
		9C9778CD19B1900F00D49E69 /* UIImage+WebP.m in Sources */ = {isa = PBXBuildFile; fileRef = 9C97789619B1900F00D49E69 /* UIImage+WebP.m */; };
		9C9778CE19B1900F00D49E69 /* UIImageView+HighlightedWebCache.m in Sources */ = {isa = PBXBuildFile; fileRef = 9C97789819B1900F00D49E69 /* UIImageView+HighlightedWebCache.m */; };
		9C9778CF19B1900F00D49E69 /* UIImageView+WebCache.m in Sources */ = {isa = PBXBuildFile; fileRef = 9C97789A19B1900F00D49E69 /* UIImageView+WebCache.m */; };
		9C9778D019B1900F00D49E69 /* UIView+WebCacheOperation.m in Sources */ = {isa = PBXBuildFile; fileRef = 9C97789C19B1900F00D49E69 /* UIView+WebCacheOperation.m */; };
		9C9778D119B1900F00D49E69 /* Property.plist in Resources */ = {isa = PBXBuildFile; fileRef = 9C97789E19B1900F00D49E69 /* Property.plist */; };
		9C9778D219B1900F00D49E69 /* system.config in Resources */ = {isa = PBXBuildFile; fileRef = 9C97789F19B1900F00D49E69 /* system.config */; };
		9C9778D419B1905F00D49E69 /* MobileCoreServices.framework in Frameworks */ = {isa = PBXBuildFile; fileRef = 9C9778D319B1905F00D49E69 /* MobileCoreServices.framework */; };
		9C9778D619B1907300D49E69 /* SystemConfiguration.framework in Frameworks */ = {isa = PBXBuildFile; fileRef = 9C9778D519B1907300D49E69 /* SystemConfiguration.framework */; };
		A4C9D54E32334D93A158D3F2 /* libPods-ZHGreenFuture.a in Frameworks */ = {isa = PBXBuildFile; fileRef = C548FF18989B4FF8A8B17AD4 /* libPods-ZHGreenFuture.a */; };
/* End PBXBuildFile section */

/* Begin PBXContainerItemProxy section */
		849F7F7019AB81EE00962BB1 /* PBXContainerItemProxy */ = {
			isa = PBXContainerItemProxy;
			containerPortal = 849F7F3F19AB81EE00962BB1 /* Project object */;
			proxyType = 1;
			remoteGlobalIDString = 849F7F4619AB81EE00962BB1;
			remoteInfo = ZHGreenFuture;
		};
/* End PBXContainerItemProxy section */

/* Begin PBXFileReference section */
		849F7F4719AB81EE00962BB1 /* ZHGreenFuture.app */ = {isa = PBXFileReference; explicitFileType = wrapper.application; includeInIndex = 0; path = ZHGreenFuture.app; sourceTree = BUILT_PRODUCTS_DIR; };
		849F7F4A19AB81EE00962BB1 /* Foundation.framework */ = {isa = PBXFileReference; lastKnownFileType = wrapper.framework; name = Foundation.framework; path = System/Library/Frameworks/Foundation.framework; sourceTree = SDKROOT; };
		849F7F4C19AB81EE00962BB1 /* CoreGraphics.framework */ = {isa = PBXFileReference; lastKnownFileType = wrapper.framework; name = CoreGraphics.framework; path = System/Library/Frameworks/CoreGraphics.framework; sourceTree = SDKROOT; };
		849F7F4E19AB81EE00962BB1 /* UIKit.framework */ = {isa = PBXFileReference; lastKnownFileType = wrapper.framework; name = UIKit.framework; path = System/Library/Frameworks/UIKit.framework; sourceTree = SDKROOT; };
		849F7F5219AB81EE00962BB1 /* ZHGreenFuture-Info.plist */ = {isa = PBXFileReference; lastKnownFileType = text.plist.xml; path = "ZHGreenFuture-Info.plist"; sourceTree = "<group>"; };
		849F7F5419AB81EE00962BB1 /* en */ = {isa = PBXFileReference; lastKnownFileType = text.plist.strings; name = en; path = en.lproj/InfoPlist.strings; sourceTree = "<group>"; };
		849F7F5619AB81EE00962BB1 /* main.m */ = {isa = PBXFileReference; lastKnownFileType = sourcecode.c.objc; path = main.m; sourceTree = "<group>"; };
		849F7F5819AB81EE00962BB1 /* ZHGreenFuture-Prefix.pch */ = {isa = PBXFileReference; lastKnownFileType = sourcecode.c.h; path = "ZHGreenFuture-Prefix.pch"; sourceTree = "<group>"; };
		849F7F5919AB81EE00962BB1 /* AppDelegate.h */ = {isa = PBXFileReference; lastKnownFileType = sourcecode.c.h; path = AppDelegate.h; sourceTree = "<group>"; };
		849F7F5A19AB81EE00962BB1 /* AppDelegate.m */ = {isa = PBXFileReference; lastKnownFileType = sourcecode.c.objc; path = AppDelegate.m; sourceTree = "<group>"; };
		849F7F5D19AB81EE00962BB1 /* Base */ = {isa = PBXFileReference; lastKnownFileType = file.storyboard; name = Base; path = Base.lproj/Main.storyboard; sourceTree = "<group>"; };
		849F7F5F19AB81EE00962BB1 /* FirstViewController.h */ = {isa = PBXFileReference; lastKnownFileType = sourcecode.c.h; path = FirstViewController.h; sourceTree = "<group>"; };
		849F7F6019AB81EE00962BB1 /* FirstViewController.m */ = {isa = PBXFileReference; lastKnownFileType = sourcecode.c.objc; path = FirstViewController.m; sourceTree = "<group>"; };
		849F7F6219AB81EE00962BB1 /* SecondViewController.h */ = {isa = PBXFileReference; lastKnownFileType = sourcecode.c.h; path = SecondViewController.h; sourceTree = "<group>"; };
		849F7F6319AB81EE00962BB1 /* SecondViewController.m */ = {isa = PBXFileReference; lastKnownFileType = sourcecode.c.objc; path = SecondViewController.m; sourceTree = "<group>"; };
		849F7F6519AB81EE00962BB1 /* Images.xcassets */ = {isa = PBXFileReference; lastKnownFileType = folder.assetcatalog; path = Images.xcassets; sourceTree = "<group>"; };
		849F7F6B19AB81EE00962BB1 /* ZHGreenFutureTests.xctest */ = {isa = PBXFileReference; explicitFileType = wrapper.cfbundle; includeInIndex = 0; path = ZHGreenFutureTests.xctest; sourceTree = BUILT_PRODUCTS_DIR; };
		849F7F6C19AB81EE00962BB1 /* XCTest.framework */ = {isa = PBXFileReference; lastKnownFileType = wrapper.framework; name = XCTest.framework; path = Library/Frameworks/XCTest.framework; sourceTree = DEVELOPER_DIR; };
		849F7F7419AB81EE00962BB1 /* ZHGreenFutureTests-Info.plist */ = {isa = PBXFileReference; lastKnownFileType = text.plist.xml; path = "ZHGreenFutureTests-Info.plist"; sourceTree = "<group>"; };
		849F7F7619AB81EE00962BB1 /* en */ = {isa = PBXFileReference; lastKnownFileType = text.plist.strings; name = en; path = en.lproj/InfoPlist.strings; sourceTree = "<group>"; };
		849F7F7819AB81EE00962BB1 /* ZHGreenFutureTests.m */ = {isa = PBXFileReference; lastKnownFileType = sourcecode.c.objc; path = ZHGreenFutureTests.m; sourceTree = "<group>"; };
		849F7F8219AB86F000962BB1 /* libz.1.dylib */ = {isa = PBXFileReference; lastKnownFileType = "compiled.mach-o.dylib"; name = libz.1.dylib; path = usr/lib/libz.1.dylib; sourceTree = SDKROOT; };
		9C97782C19B1900F00D49E69 /* NSData+AESEncryption.h */ = {isa = PBXFileReference; fileEncoding = 4; lastKnownFileType = sourcecode.c.h; path = "NSData+AESEncryption.h"; sourceTree = "<group>"; };
		9C97782D19B1900F00D49E69 /* NSData+AESEncryption.m */ = {isa = PBXFileReference; fileEncoding = 4; lastKnownFileType = sourcecode.c.objc; path = "NSData+AESEncryption.m"; sourceTree = "<group>"; };
		9C97782E19B1900F00D49E69 /* NSDictionary+ZHitem.h */ = {isa = PBXFileReference; fileEncoding = 4; lastKnownFileType = sourcecode.c.h; path = "NSDictionary+ZHitem.h"; sourceTree = "<group>"; };
		9C97782F19B1900F00D49E69 /* NSDictionary+ZHitem.m */ = {isa = PBXFileReference; fileEncoding = 4; lastKnownFileType = sourcecode.c.objc; path = "NSDictionary+ZHitem.m"; sourceTree = "<group>"; };
		9C97783019B1900F00D49E69 /* NSObject+Instance.h */ = {isa = PBXFileReference; fileEncoding = 4; lastKnownFileType = sourcecode.c.h; path = "NSObject+Instance.h"; sourceTree = "<group>"; };
		9C97783119B1900F00D49E69 /* NSObject+Instance.m */ = {isa = PBXFileReference; fileEncoding = 4; lastKnownFileType = sourcecode.c.objc; path = "NSObject+Instance.m"; sourceTree = "<group>"; };
		9C97783219B1900F00D49E69 /* NSString+ZHitem.h */ = {isa = PBXFileReference; fileEncoding = 4; lastKnownFileType = sourcecode.c.h; path = "NSString+ZHitem.h"; sourceTree = "<group>"; };
		9C97783319B1900F00D49E69 /* NSString+ZHitem.m */ = {isa = PBXFileReference; fileEncoding = 4; lastKnownFileType = sourcecode.c.objc; path = "NSString+ZHitem.m"; sourceTree = "<group>"; };
		9C97783419B1900F00D49E69 /* UIControl+ZHitem.h */ = {isa = PBXFileReference; fileEncoding = 4; lastKnownFileType = sourcecode.c.h; path = "UIControl+ZHitem.h"; sourceTree = "<group>"; };
		9C97783519B1900F00D49E69 /* UIControl+ZHitem.m */ = {isa = PBXFileReference; fileEncoding = 4; lastKnownFileType = sourcecode.c.objc; path = "UIControl+ZHitem.m"; sourceTree = "<group>"; };
		9C97783619B1900F00D49E69 /* UIImage+ZHitem.h */ = {isa = PBXFileReference; fileEncoding = 4; lastKnownFileType = sourcecode.c.h; path = "UIImage+ZHitem.h"; sourceTree = "<group>"; };
		9C97783719B1900F00D49E69 /* UIImage+ZHitem.m */ = {isa = PBXFileReference; fileEncoding = 4; lastKnownFileType = sourcecode.c.objc; path = "UIImage+ZHitem.m"; sourceTree = "<group>"; };
		9C97783819B1900F00D49E69 /* UILabel+ZHitem.h */ = {isa = PBXFileReference; fileEncoding = 4; lastKnownFileType = sourcecode.c.h; path = "UILabel+ZHitem.h"; sourceTree = "<group>"; };
		9C97783919B1900F00D49E69 /* UILabel+ZHitem.m */ = {isa = PBXFileReference; fileEncoding = 4; lastKnownFileType = sourcecode.c.objc; path = "UILabel+ZHitem.m"; sourceTree = "<group>"; };
		9C97783A19B1900F00D49E69 /* UIView+ZHitem.h */ = {isa = PBXFileReference; fileEncoding = 4; lastKnownFileType = sourcecode.c.h; path = "UIView+ZHitem.h"; sourceTree = "<group>"; };
		9C97783B19B1900F00D49E69 /* UIView+ZHitem.m */ = {isa = PBXFileReference; fileEncoding = 4; lastKnownFileType = sourcecode.c.objc; path = "UIView+ZHitem.m"; sourceTree = "<group>"; };
		9C97783D19B1900F00D49E69 /* Config.h */ = {isa = PBXFileReference; fileEncoding = 4; lastKnownFileType = sourcecode.c.h; path = Config.h; sourceTree = "<group>"; };
		9C97783E19B1900F00D49E69 /* Config.m */ = {isa = PBXFileReference; fileEncoding = 4; lastKnownFileType = sourcecode.c.objc; path = Config.m; sourceTree = "<group>"; };
		9C97783F19B1900F00D49E69 /* Constant.h */ = {isa = PBXFileReference; fileEncoding = 4; lastKnownFileType = sourcecode.c.h; path = Constant.h; sourceTree = "<group>"; };
		9C97784219B1900F00D49E69 /* HttpClient.h */ = {isa = PBXFileReference; fileEncoding = 4; lastKnownFileType = sourcecode.c.h; path = HttpClient.h; sourceTree = "<group>"; };
		9C97784319B1900F00D49E69 /* HttpClient.m */ = {isa = PBXFileReference; fileEncoding = 4; lastKnownFileType = sourcecode.c.objc; path = HttpClient.m; sourceTree = "<group>"; };
		9C97784519B1900F00D49E69 /* LocalSotrage.h */ = {isa = PBXFileReference; fileEncoding = 4; lastKnownFileType = sourcecode.c.h; path = LocalSotrage.h; sourceTree = "<group>"; };
		9C97784619B1900F00D49E69 /* LocalSotrage.m */ = {isa = PBXFileReference; fileEncoding = 4; lastKnownFileType = sourcecode.c.objc; path = LocalSotrage.m; sourceTree = "<group>"; };
		9C97784719B1900F00D49E69 /* MemoryStorage.h */ = {isa = PBXFileReference; fileEncoding = 4; lastKnownFileType = sourcecode.c.h; path = MemoryStorage.h; sourceTree = "<group>"; };
		9C97784819B1900F00D49E69 /* MemoryStorage.m */ = {isa = PBXFileReference; fileEncoding = 4; lastKnownFileType = sourcecode.c.objc; path = MemoryStorage.m; sourceTree = "<group>"; };
		9C97784B19B1900F00D49E69 /* NavigationViewController.h */ = {isa = PBXFileReference; fileEncoding = 4; lastKnownFileType = sourcecode.c.h; path = NavigationViewController.h; sourceTree = "<group>"; };
		9C97784C19B1900F00D49E69 /* NavigationViewController.m */ = {isa = PBXFileReference; fileEncoding = 4; lastKnownFileType = sourcecode.c.objc; path = NavigationViewController.m; sourceTree = "<group>"; };
		9C97784D19B1900F00D49E69 /* TabbarViewController.h */ = {isa = PBXFileReference; fileEncoding = 4; lastKnownFileType = sourcecode.c.h; path = TabbarViewController.h; sourceTree = "<group>"; };
		9C97784E19B1900F00D49E69 /* TabbarViewController.m */ = {isa = PBXFileReference; fileEncoding = 4; lastKnownFileType = sourcecode.c.objc; path = TabbarViewController.m; sourceTree = "<group>"; };
		9C97784F19B1900F00D49E69 /* ZHViewController.h */ = {isa = PBXFileReference; fileEncoding = 4; lastKnownFileType = sourcecode.c.h; path = ZHViewController.h; sourceTree = "<group>"; };
		9C97785019B1900F00D49E69 /* ZHViewController.m */ = {isa = PBXFileReference; fileEncoding = 4; lastKnownFileType = sourcecode.c.objc; path = ZHViewController.m; sourceTree = "<group>"; };
		9C97785219B1900F00D49E69 /* BaseModel.h */ = {isa = PBXFileReference; fileEncoding = 4; lastKnownFileType = sourcecode.c.h; path = BaseModel.h; sourceTree = "<group>"; };
		9C97785319B1900F00D49E69 /* BaseModel.m */ = {isa = PBXFileReference; fileEncoding = 4; lastKnownFileType = sourcecode.c.objc; path = BaseModel.m; sourceTree = "<group>"; };
		9C97785419B1900F00D49E69 /* InitCatagory.h */ = {isa = PBXFileReference; fileEncoding = 4; lastKnownFileType = sourcecode.c.h; path = InitCatagory.h; sourceTree = "<group>"; };
		9C97785519B1900F00D49E69 /* InitCatagory.m */ = {isa = PBXFileReference; fileEncoding = 4; lastKnownFileType = sourcecode.c.objc; path = InitCatagory.m; sourceTree = "<group>"; };
		9C97785619B1900F00D49E69 /* ModelManager.h */ = {isa = PBXFileReference; fileEncoding = 4; lastKnownFileType = sourcecode.c.h; path = ModelManager.h; sourceTree = "<group>"; };
		9C97785719B1900F00D49E69 /* ModelManager.m */ = {isa = PBXFileReference; fileEncoding = 4; lastKnownFileType = sourcecode.c.objc; path = ModelManager.m; sourceTree = "<group>"; };
		9C97785A19B1900F00D49E69 /* NavigationBar.h */ = {isa = PBXFileReference; fileEncoding = 4; lastKnownFileType = sourcecode.c.h; path = NavigationBar.h; sourceTree = "<group>"; };
		9C97785B19B1900F00D49E69 /* NavigationBar.m */ = {isa = PBXFileReference; fileEncoding = 4; lastKnownFileType = sourcecode.c.objc; path = NavigationBar.m; sourceTree = "<group>"; };
		9C97785D19B1900F00D49E69 /* TabbarItem.h */ = {isa = PBXFileReference; fileEncoding = 4; lastKnownFileType = sourcecode.c.h; path = TabbarItem.h; sourceTree = "<group>"; };
		9C97785E19B1900F00D49E69 /* TabbarItem.m */ = {isa = PBXFileReference; fileEncoding = 4; lastKnownFileType = sourcecode.c.objc; path = TabbarItem.m; sourceTree = "<group>"; };
		9C97785F19B1900F00D49E69 /* TabbarView.h */ = {isa = PBXFileReference; fileEncoding = 4; lastKnownFileType = sourcecode.c.h; path = TabbarView.h; sourceTree = "<group>"; };
		9C97786019B1900F00D49E69 /* TabbarView.m */ = {isa = PBXFileReference; fileEncoding = 4; lastKnownFileType = sourcecode.c.objc; path = TabbarView.m; sourceTree = "<group>"; };
		9C97786319B1900F00D49E69 /* AFHTTPRequestOperation.h */ = {isa = PBXFileReference; fileEncoding = 4; lastKnownFileType = sourcecode.c.h; path = AFHTTPRequestOperation.h; sourceTree = "<group>"; };
		9C97786419B1900F00D49E69 /* AFHTTPRequestOperation.m */ = {isa = PBXFileReference; fileEncoding = 4; lastKnownFileType = sourcecode.c.objc; path = AFHTTPRequestOperation.m; sourceTree = "<group>"; };
		9C97786519B1900F00D49E69 /* AFHTTPRequestOperationManager.h */ = {isa = PBXFileReference; fileEncoding = 4; lastKnownFileType = sourcecode.c.h; path = AFHTTPRequestOperationManager.h; sourceTree = "<group>"; };
		9C97786619B1900F00D49E69 /* AFHTTPRequestOperationManager.m */ = {isa = PBXFileReference; fileEncoding = 4; lastKnownFileType = sourcecode.c.objc; path = AFHTTPRequestOperationManager.m; sourceTree = "<group>"; };
		9C97786719B1900F00D49E69 /* AFHTTPSessionManager.h */ = {isa = PBXFileReference; fileEncoding = 4; lastKnownFileType = sourcecode.c.h; path = AFHTTPSessionManager.h; sourceTree = "<group>"; };
		9C97786819B1900F00D49E69 /* AFHTTPSessionManager.m */ = {isa = PBXFileReference; fileEncoding = 4; lastKnownFileType = sourcecode.c.objc; path = AFHTTPSessionManager.m; sourceTree = "<group>"; };
		9C97786919B1900F00D49E69 /* AFNetworking.h */ = {isa = PBXFileReference; fileEncoding = 4; lastKnownFileType = sourcecode.c.h; path = AFNetworking.h; sourceTree = "<group>"; };
		9C97786A19B1900F00D49E69 /* AFNetworkReachabilityManager.h */ = {isa = PBXFileReference; fileEncoding = 4; lastKnownFileType = sourcecode.c.h; path = AFNetworkReachabilityManager.h; sourceTree = "<group>"; };
		9C97786B19B1900F00D49E69 /* AFNetworkReachabilityManager.m */ = {isa = PBXFileReference; fileEncoding = 4; lastKnownFileType = sourcecode.c.objc; path = AFNetworkReachabilityManager.m; sourceTree = "<group>"; };
		9C97786C19B1900F00D49E69 /* AFSecurityPolicy.h */ = {isa = PBXFileReference; fileEncoding = 4; lastKnownFileType = sourcecode.c.h; path = AFSecurityPolicy.h; sourceTree = "<group>"; };
		9C97786D19B1900F00D49E69 /* AFSecurityPolicy.m */ = {isa = PBXFileReference; fileEncoding = 4; lastKnownFileType = sourcecode.c.objc; path = AFSecurityPolicy.m; sourceTree = "<group>"; };
		9C97786E19B1900F00D49E69 /* AFURLConnectionOperation.h */ = {isa = PBXFileReference; fileEncoding = 4; lastKnownFileType = sourcecode.c.h; path = AFURLConnectionOperation.h; sourceTree = "<group>"; };
		9C97786F19B1900F00D49E69 /* AFURLConnectionOperation.m */ = {isa = PBXFileReference; fileEncoding = 4; lastKnownFileType = sourcecode.c.objc; path = AFURLConnectionOperation.m; sourceTree = "<group>"; };
		9C97787019B1900F00D49E69 /* AFURLRequestSerialization.h */ = {isa = PBXFileReference; fileEncoding = 4; lastKnownFileType = sourcecode.c.h; path = AFURLRequestSerialization.h; sourceTree = "<group>"; };
		9C97787119B1900F00D49E69 /* AFURLRequestSerialization.m */ = {isa = PBXFileReference; fileEncoding = 4; lastKnownFileType = sourcecode.c.objc; path = AFURLRequestSerialization.m; sourceTree = "<group>"; };
		9C97787219B1900F00D49E69 /* AFURLResponseSerialization.h */ = {isa = PBXFileReference; fileEncoding = 4; lastKnownFileType = sourcecode.c.h; path = AFURLResponseSerialization.h; sourceTree = "<group>"; };
		9C97787319B1900F00D49E69 /* AFURLResponseSerialization.m */ = {isa = PBXFileReference; fileEncoding = 4; lastKnownFileType = sourcecode.c.objc; path = AFURLResponseSerialization.m; sourceTree = "<group>"; };
		9C97787419B1900F00D49E69 /* AFURLSessionManager.h */ = {isa = PBXFileReference; fileEncoding = 4; lastKnownFileType = sourcecode.c.h; path = AFURLSessionManager.h; sourceTree = "<group>"; };
		9C97787519B1900F00D49E69 /* AFURLSessionManager.m */ = {isa = PBXFileReference; fileEncoding = 4; lastKnownFileType = sourcecode.c.objc; path = AFURLSessionManager.m; sourceTree = "<group>"; };
		9C97787719B1900F00D49E69 /* CHANGELOG.md */ = {isa = PBXFileReference; fileEncoding = 4; lastKnownFileType = text; path = CHANGELOG.md; sourceTree = "<group>"; };
		9C97787819B1900F00D49E69 /* JSONKit.h */ = {isa = PBXFileReference; fileEncoding = 4; lastKnownFileType = sourcecode.c.h; path = JSONKit.h; sourceTree = "<group>"; };
		9C97787919B1900F00D49E69 /* JSONKit.m */ = {isa = PBXFileReference; fileEncoding = 4; lastKnownFileType = sourcecode.c.objc; path = JSONKit.m; sourceTree = "<group>"; };
		9C97787A19B1900F00D49E69 /* README.md */ = {isa = PBXFileReference; fileEncoding = 4; lastKnownFileType = text; path = README.md; sourceTree = "<group>"; };
		9C97787C19B1900F00D49E69 /* MKAnnotationView+WebCache.h */ = {isa = PBXFileReference; fileEncoding = 4; lastKnownFileType = sourcecode.c.h; path = "MKAnnotationView+WebCache.h"; sourceTree = "<group>"; };
		9C97787D19B1900F00D49E69 /* MKAnnotationView+WebCache.m */ = {isa = PBXFileReference; fileEncoding = 4; lastKnownFileType = sourcecode.c.objc; path = "MKAnnotationView+WebCache.m"; sourceTree = "<group>"; };
		9C97787E19B1900F00D49E69 /* NSData+ImageContentType.h */ = {isa = PBXFileReference; fileEncoding = 4; lastKnownFileType = sourcecode.c.h; path = "NSData+ImageContentType.h"; sourceTree = "<group>"; };
		9C97787F19B1900F00D49E69 /* NSData+ImageContentType.m */ = {isa = PBXFileReference; fileEncoding = 4; lastKnownFileType = sourcecode.c.objc; path = "NSData+ImageContentType.m"; sourceTree = "<group>"; };
		9C97788019B1900F00D49E69 /* SDImageCache.h */ = {isa = PBXFileReference; fileEncoding = 4; lastKnownFileType = sourcecode.c.h; path = SDImageCache.h; sourceTree = "<group>"; };
		9C97788119B1900F00D49E69 /* SDImageCache.m */ = {isa = PBXFileReference; fileEncoding = 4; lastKnownFileType = sourcecode.c.objc; path = SDImageCache.m; sourceTree = "<group>"; };
		9C97788219B1900F00D49E69 /* SDWebImageCompat.h */ = {isa = PBXFileReference; fileEncoding = 4; lastKnownFileType = sourcecode.c.h; path = SDWebImageCompat.h; sourceTree = "<group>"; };
		9C97788319B1900F00D49E69 /* SDWebImageCompat.m */ = {isa = PBXFileReference; fileEncoding = 4; lastKnownFileType = sourcecode.c.objc; path = SDWebImageCompat.m; sourceTree = "<group>"; };
		9C97788419B1900F00D49E69 /* SDWebImageDecoder.h */ = {isa = PBXFileReference; fileEncoding = 4; lastKnownFileType = sourcecode.c.h; path = SDWebImageDecoder.h; sourceTree = "<group>"; };
		9C97788519B1900F00D49E69 /* SDWebImageDecoder.m */ = {isa = PBXFileReference; fileEncoding = 4; lastKnownFileType = sourcecode.c.objc; path = SDWebImageDecoder.m; sourceTree = "<group>"; };
		9C97788619B1900F00D49E69 /* SDWebImageDownloader.h */ = {isa = PBXFileReference; fileEncoding = 4; lastKnownFileType = sourcecode.c.h; path = SDWebImageDownloader.h; sourceTree = "<group>"; };
		9C97788719B1900F00D49E69 /* SDWebImageDownloader.m */ = {isa = PBXFileReference; fileEncoding = 4; lastKnownFileType = sourcecode.c.objc; path = SDWebImageDownloader.m; sourceTree = "<group>"; };
		9C97788819B1900F00D49E69 /* SDWebImageDownloaderOperation.h */ = {isa = PBXFileReference; fileEncoding = 4; lastKnownFileType = sourcecode.c.h; path = SDWebImageDownloaderOperation.h; sourceTree = "<group>"; };
		9C97788919B1900F00D49E69 /* SDWebImageDownloaderOperation.m */ = {isa = PBXFileReference; fileEncoding = 4; lastKnownFileType = sourcecode.c.objc; path = SDWebImageDownloaderOperation.m; sourceTree = "<group>"; };
		9C97788A19B1900F00D49E69 /* SDWebImageManager.h */ = {isa = PBXFileReference; fileEncoding = 4; lastKnownFileType = sourcecode.c.h; path = SDWebImageManager.h; sourceTree = "<group>"; };
		9C97788B19B1900F00D49E69 /* SDWebImageManager.m */ = {isa = PBXFileReference; fileEncoding = 4; lastKnownFileType = sourcecode.c.objc; path = SDWebImageManager.m; sourceTree = "<group>"; };
		9C97788C19B1900F00D49E69 /* SDWebImageOperation.h */ = {isa = PBXFileReference; fileEncoding = 4; lastKnownFileType = sourcecode.c.h; path = SDWebImageOperation.h; sourceTree = "<group>"; };
		9C97788D19B1900F00D49E69 /* SDWebImagePrefetcher.h */ = {isa = PBXFileReference; fileEncoding = 4; lastKnownFileType = sourcecode.c.h; path = SDWebImagePrefetcher.h; sourceTree = "<group>"; };
		9C97788E19B1900F00D49E69 /* SDWebImagePrefetcher.m */ = {isa = PBXFileReference; fileEncoding = 4; lastKnownFileType = sourcecode.c.objc; path = SDWebImagePrefetcher.m; sourceTree = "<group>"; };
		9C97788F19B1900F00D49E69 /* UIButton+WebCache.h */ = {isa = PBXFileReference; fileEncoding = 4; lastKnownFileType = sourcecode.c.h; path = "UIButton+WebCache.h"; sourceTree = "<group>"; };
		9C97789019B1900F00D49E69 /* UIButton+WebCache.m */ = {isa = PBXFileReference; fileEncoding = 4; lastKnownFileType = sourcecode.c.objc; path = "UIButton+WebCache.m"; sourceTree = "<group>"; };
		9C97789119B1900F00D49E69 /* UIImage+GIF.h */ = {isa = PBXFileReference; fileEncoding = 4; lastKnownFileType = sourcecode.c.h; path = "UIImage+GIF.h"; sourceTree = "<group>"; };
		9C97789219B1900F00D49E69 /* UIImage+GIF.m */ = {isa = PBXFileReference; fileEncoding = 4; lastKnownFileType = sourcecode.c.objc; path = "UIImage+GIF.m"; sourceTree = "<group>"; };
		9C97789319B1900F00D49E69 /* UIImage+MultiFormat.h */ = {isa = PBXFileReference; fileEncoding = 4; lastKnownFileType = sourcecode.c.h; path = "UIImage+MultiFormat.h"; sourceTree = "<group>"; };
		9C97789419B1900F00D49E69 /* UIImage+MultiFormat.m */ = {isa = PBXFileReference; fileEncoding = 4; lastKnownFileType = sourcecode.c.objc; path = "UIImage+MultiFormat.m"; sourceTree = "<group>"; };
		9C97789519B1900F00D49E69 /* UIImage+WebP.h */ = {isa = PBXFileReference; fileEncoding = 4; lastKnownFileType = sourcecode.c.h; path = "UIImage+WebP.h"; sourceTree = "<group>"; };
		9C97789619B1900F00D49E69 /* UIImage+WebP.m */ = {isa = PBXFileReference; fileEncoding = 4; lastKnownFileType = sourcecode.c.objc; path = "UIImage+WebP.m"; sourceTree = "<group>"; };
		9C97789719B1900F00D49E69 /* UIImageView+HighlightedWebCache.h */ = {isa = PBXFileReference; fileEncoding = 4; lastKnownFileType = sourcecode.c.h; path = "UIImageView+HighlightedWebCache.h"; sourceTree = "<group>"; };
		9C97789819B1900F00D49E69 /* UIImageView+HighlightedWebCache.m */ = {isa = PBXFileReference; fileEncoding = 4; lastKnownFileType = sourcecode.c.objc; path = "UIImageView+HighlightedWebCache.m"; sourceTree = "<group>"; };
		9C97789919B1900F00D49E69 /* UIImageView+WebCache.h */ = {isa = PBXFileReference; fileEncoding = 4; lastKnownFileType = sourcecode.c.h; path = "UIImageView+WebCache.h"; sourceTree = "<group>"; };
		9C97789A19B1900F00D49E69 /* UIImageView+WebCache.m */ = {isa = PBXFileReference; fileEncoding = 4; lastKnownFileType = sourcecode.c.objc; path = "UIImageView+WebCache.m"; sourceTree = "<group>"; };
		9C97789B19B1900F00D49E69 /* UIView+WebCacheOperation.h */ = {isa = PBXFileReference; fileEncoding = 4; lastKnownFileType = sourcecode.c.h; path = "UIView+WebCacheOperation.h"; sourceTree = "<group>"; };
		9C97789C19B1900F00D49E69 /* UIView+WebCacheOperation.m */ = {isa = PBXFileReference; fileEncoding = 4; lastKnownFileType = sourcecode.c.objc; path = "UIView+WebCacheOperation.m"; sourceTree = "<group>"; };
		9C97789E19B1900F00D49E69 /* Property.plist */ = {isa = PBXFileReference; fileEncoding = 4; lastKnownFileType = text.plist.xml; path = Property.plist; sourceTree = "<group>"; };
		9C97789F19B1900F00D49E69 /* system.config */ = {isa = PBXFileReference; lastKnownFileType = file; path = system.config; sourceTree = "<group>"; };
		9C9778D319B1905F00D49E69 /* MobileCoreServices.framework */ = {isa = PBXFileReference; lastKnownFileType = wrapper.framework; name = MobileCoreServices.framework; path = System/Library/Frameworks/MobileCoreServices.framework; sourceTree = SDKROOT; };
		9C9778D519B1907300D49E69 /* SystemConfiguration.framework */ = {isa = PBXFileReference; lastKnownFileType = wrapper.framework; name = SystemConfiguration.framework; path = System/Library/Frameworks/SystemConfiguration.framework; sourceTree = SDKROOT; };
		C548FF18989B4FF8A8B17AD4 /* libPods-ZHGreenFuture.a */ = {isa = PBXFileReference; explicitFileType = archive.ar; includeInIndex = 0; path = "libPods-ZHGreenFuture.a"; sourceTree = BUILT_PRODUCTS_DIR; };
		C71C3F53A51D425DB6BCAC4D /* Pods-ZHGreenFuture.xcconfig */ = {isa = PBXFileReference; includeInIndex = 1; lastKnownFileType = text.xcconfig; name = "Pods-ZHGreenFuture.xcconfig"; path = "Pods/Pods-ZHGreenFuture.xcconfig"; sourceTree = "<group>"; };
/* End PBXFileReference section */

/* Begin PBXFrameworksBuildPhase section */
		849F7F4419AB81EE00962BB1 /* Frameworks */ = {
			isa = PBXFrameworksBuildPhase;
			buildActionMask = 2147483647;
			files = (
				9C9778D619B1907300D49E69 /* SystemConfiguration.framework in Frameworks */,
				9C9778D419B1905F00D49E69 /* MobileCoreServices.framework in Frameworks */,
				849F7F8319AB86F000962BB1 /* libz.1.dylib in Frameworks */,
				849F7F4D19AB81EE00962BB1 /* CoreGraphics.framework in Frameworks */,
				849F7F4F19AB81EE00962BB1 /* UIKit.framework in Frameworks */,
				849F7F4B19AB81EE00962BB1 /* Foundation.framework in Frameworks */,
				A4C9D54E32334D93A158D3F2 /* libPods-ZHGreenFuture.a in Frameworks */,
			);
			runOnlyForDeploymentPostprocessing = 0;
		};
		849F7F6819AB81EE00962BB1 /* Frameworks */ = {
			isa = PBXFrameworksBuildPhase;
			buildActionMask = 2147483647;
			files = (
				849F7F6D19AB81EE00962BB1 /* XCTest.framework in Frameworks */,
				849F7F6F19AB81EE00962BB1 /* UIKit.framework in Frameworks */,
				849F7F6E19AB81EE00962BB1 /* Foundation.framework in Frameworks */,
			);
			runOnlyForDeploymentPostprocessing = 0;
		};
/* End PBXFrameworksBuildPhase section */

/* Begin PBXGroup section */
		849F7F3E19AB81EE00962BB1 = {
			isa = PBXGroup;
			children = (
				849F7F5019AB81EE00962BB1 /* ZHGreenFuture */,
				849F7F7219AB81EE00962BB1 /* ZHGreenFutureTests */,
				849F7F4919AB81EE00962BB1 /* Frameworks */,
				849F7F4819AB81EE00962BB1 /* Products */,
				C71C3F53A51D425DB6BCAC4D /* Pods-ZHGreenFuture.xcconfig */,
			);
			sourceTree = "<group>";
		};
		849F7F4819AB81EE00962BB1 /* Products */ = {
			isa = PBXGroup;
			children = (
				849F7F4719AB81EE00962BB1 /* ZHGreenFuture.app */,
				849F7F6B19AB81EE00962BB1 /* ZHGreenFutureTests.xctest */,
			);
			name = Products;
			sourceTree = "<group>";
		};
		849F7F4919AB81EE00962BB1 /* Frameworks */ = {
			isa = PBXGroup;
			children = (
				9C9778D519B1907300D49E69 /* SystemConfiguration.framework */,
				9C9778D319B1905F00D49E69 /* MobileCoreServices.framework */,
				849F7F8219AB86F000962BB1 /* libz.1.dylib */,
				849F7F4A19AB81EE00962BB1 /* Foundation.framework */,
				849F7F4C19AB81EE00962BB1 /* CoreGraphics.framework */,
				849F7F4E19AB81EE00962BB1 /* UIKit.framework */,
				849F7F6C19AB81EE00962BB1 /* XCTest.framework */,
				C548FF18989B4FF8A8B17AD4 /* libPods-ZHGreenFuture.a */,
			);
			name = Frameworks;
			sourceTree = "<group>";
		};
		849F7F5019AB81EE00962BB1 /* ZHGreenFuture */ = {
			isa = PBXGroup;
			children = (
				9C97782819B1900F00D49E69 /* Sources */,
				849F7F5919AB81EE00962BB1 /* AppDelegate.h */,
				849F7F5A19AB81EE00962BB1 /* AppDelegate.m */,
				849F7F5C19AB81EE00962BB1 /* Main.storyboard */,
				849F7F5F19AB81EE00962BB1 /* FirstViewController.h */,
				849F7F6019AB81EE00962BB1 /* FirstViewController.m */,
				849F7F6219AB81EE00962BB1 /* SecondViewController.h */,
				849F7F6319AB81EE00962BB1 /* SecondViewController.m */,
				849F7F6519AB81EE00962BB1 /* Images.xcassets */,
				849F7F5119AB81EE00962BB1 /* Supporting Files */,
			);
			path = ZHGreenFuture;
			sourceTree = "<group>";
		};
		849F7F5119AB81EE00962BB1 /* Supporting Files */ = {
			isa = PBXGroup;
			children = (
				849F7F5219AB81EE00962BB1 /* ZHGreenFuture-Info.plist */,
				849F7F5319AB81EE00962BB1 /* InfoPlist.strings */,
				849F7F5619AB81EE00962BB1 /* main.m */,
				849F7F5819AB81EE00962BB1 /* ZHGreenFuture-Prefix.pch */,
			);
			name = "Supporting Files";
			sourceTree = "<group>";
		};
		849F7F7219AB81EE00962BB1 /* ZHGreenFutureTests */ = {
			isa = PBXGroup;
			children = (
				849F7F7819AB81EE00962BB1 /* ZHGreenFutureTests.m */,
				849F7F7319AB81EE00962BB1 /* Supporting Files */,
			);
			path = ZHGreenFutureTests;
			sourceTree = "<group>";
		};
		849F7F7319AB81EE00962BB1 /* Supporting Files */ = {
			isa = PBXGroup;
			children = (
				849F7F7419AB81EE00962BB1 /* ZHGreenFutureTests-Info.plist */,
				849F7F7519AB81EE00962BB1 /* InfoPlist.strings */,
			);
			name = "Supporting Files";
			sourceTree = "<group>";
		};
		9C97782819B1900F00D49E69 /* Sources */ = {
			isa = PBXGroup;
			children = (
				9C97782919B1900F00D49E69 /* Classes */,
				9C97786119B1900F00D49E69 /* Libraies */,
				9C97789D19B1900F00D49E69 /* Resources */,
			);
			path = Sources;
			sourceTree = "<group>";
		};
		9C97782919B1900F00D49E69 /* Classes */ = {
			isa = PBXGroup;
			children = (
				9C97782A19B1900F00D49E69 /* Common */,
				9C97784919B1900F00D49E69 /* Controller */,
				9C97785119B1900F00D49E69 /* Model */,
				9C97785819B1900F00D49E69 /* View */,
			);
			path = Classes;
			sourceTree = "<group>";
		};
		9C97782A19B1900F00D49E69 /* Common */ = {
			isa = PBXGroup;
			children = (
				9C97782B19B1900F00D49E69 /* Category */,
				9C97783C19B1900F00D49E69 /* Config */,
				9C97784019B1900F00D49E69 /* Network */,
				9C97784419B1900F00D49E69 /* Storage */,
			);
			path = Common;
			sourceTree = "<group>";
		};
		9C97782B19B1900F00D49E69 /* Category */ = {
			isa = PBXGroup;
			children = (
				9C97782C19B1900F00D49E69 /* NSData+AESEncryption.h */,
				9C97782D19B1900F00D49E69 /* NSData+AESEncryption.m */,
				9C97782E19B1900F00D49E69 /* NSDictionary+ZHitem.h */,
				9C97782F19B1900F00D49E69 /* NSDictionary+ZHitem.m */,
				9C97783019B1900F00D49E69 /* NSObject+Instance.h */,
				9C97783119B1900F00D49E69 /* NSObject+Instance.m */,
				9C97783219B1900F00D49E69 /* NSString+ZHitem.h */,
				9C97783319B1900F00D49E69 /* NSString+ZHitem.m */,
				9C97783419B1900F00D49E69 /* UIControl+ZHitem.h */,
				9C97783519B1900F00D49E69 /* UIControl+ZHitem.m */,
				9C97783619B1900F00D49E69 /* UIImage+ZHitem.h */,
				9C97783719B1900F00D49E69 /* UIImage+ZHitem.m */,
				9C97783819B1900F00D49E69 /* UILabel+ZHitem.h */,
				9C97783919B1900F00D49E69 /* UILabel+ZHitem.m */,
				9C97783A19B1900F00D49E69 /* UIView+ZHitem.h */,
				9C97783B19B1900F00D49E69 /* UIView+ZHitem.m */,
			);
			path = Category;
			sourceTree = "<group>";
		};
		9C97783C19B1900F00D49E69 /* Config */ = {
			isa = PBXGroup;
			children = (
				9C97783D19B1900F00D49E69 /* Config.h */,
				9C97783E19B1900F00D49E69 /* Config.m */,
				9C97783F19B1900F00D49E69 /* Constant.h */,
			);
			path = Config;
			sourceTree = "<group>";
		};
		9C97784019B1900F00D49E69 /* Network */ = {
			isa = PBXGroup;
			children = (
				9C97784119B1900F00D49E69 /* Http */,
			);
			path = Network;
			sourceTree = "<group>";
		};
		9C97784119B1900F00D49E69 /* Http */ = {
			isa = PBXGroup;
			children = (
				9C97784219B1900F00D49E69 /* HttpClient.h */,
				9C97784319B1900F00D49E69 /* HttpClient.m */,
			);
			path = Http;
			sourceTree = "<group>";
		};
		9C97784419B1900F00D49E69 /* Storage */ = {
			isa = PBXGroup;
			children = (
				9C97784519B1900F00D49E69 /* LocalSotrage.h */,
				9C97784619B1900F00D49E69 /* LocalSotrage.m */,
				9C97784719B1900F00D49E69 /* MemoryStorage.h */,
				9C97784819B1900F00D49E69 /* MemoryStorage.m */,
			);
			path = Storage;
			sourceTree = "<group>";
		};
		9C97784919B1900F00D49E69 /* Controller */ = {
			isa = PBXGroup;
			children = (
				9C97784A19B1900F00D49E69 /* Base */,
			);
			path = Controller;
			sourceTree = "<group>";
		};
		9C97784A19B1900F00D49E69 /* Base */ = {
			isa = PBXGroup;
			children = (
				9C97784B19B1900F00D49E69 /* NavigationViewController.h */,
				9C97784C19B1900F00D49E69 /* NavigationViewController.m */,
				9C97784D19B1900F00D49E69 /* TabbarViewController.h */,
				9C97784E19B1900F00D49E69 /* TabbarViewController.m */,
				9C97784F19B1900F00D49E69 /* ZHViewController.h */,
				9C97785019B1900F00D49E69 /* ZHViewController.m */,
			);
			path = Base;
			sourceTree = "<group>";
		};
		9C97785119B1900F00D49E69 /* Model */ = {
			isa = PBXGroup;
			children = (
				9C97785219B1900F00D49E69 /* BaseModel.h */,
				9C97785319B1900F00D49E69 /* BaseModel.m */,
				9C97785419B1900F00D49E69 /* InitCatagory.h */,
				9C97785519B1900F00D49E69 /* InitCatagory.m */,
				9C97785619B1900F00D49E69 /* ModelManager.h */,
				9C97785719B1900F00D49E69 /* ModelManager.m */,
			);
			path = Model;
			sourceTree = "<group>";
		};
		9C97785819B1900F00D49E69 /* View */ = {
			isa = PBXGroup;
			children = (
				9C97785919B1900F00D49E69 /* Common */,
				9C97785C19B1900F00D49E69 /* Tabbar */,
			);
			path = View;
			sourceTree = "<group>";
		};
		9C97785919B1900F00D49E69 /* Common */ = {
			isa = PBXGroup;
			children = (
				9C97785A19B1900F00D49E69 /* NavigationBar.h */,
				9C97785B19B1900F00D49E69 /* NavigationBar.m */,
			);
			path = Common;
			sourceTree = "<group>";
		};
		9C97785C19B1900F00D49E69 /* Tabbar */ = {
			isa = PBXGroup;
			children = (
				9C97785D19B1900F00D49E69 /* TabbarItem.h */,
				9C97785E19B1900F00D49E69 /* TabbarItem.m */,
				9C97785F19B1900F00D49E69 /* TabbarView.h */,
				9C97786019B1900F00D49E69 /* TabbarView.m */,
			);
			path = Tabbar;
			sourceTree = "<group>";
		};
		9C97786119B1900F00D49E69 /* Libraies */ = {
			isa = PBXGroup;
			children = (
				9C97786219B1900F00D49E69 /* AFNetworking */,
				9C97787619B1900F00D49E69 /* JSONKit */,
				9C97787B19B1900F00D49E69 /* SDWebImage */,
			);
			path = Libraies;
			sourceTree = "<group>";
		};
		9C97786219B1900F00D49E69 /* AFNetworking */ = {
			isa = PBXGroup;
			children = (
				9C97786319B1900F00D49E69 /* AFHTTPRequestOperation.h */,
				9C97786419B1900F00D49E69 /* AFHTTPRequestOperation.m */,
				9C97786519B1900F00D49E69 /* AFHTTPRequestOperationManager.h */,
				9C97786619B1900F00D49E69 /* AFHTTPRequestOperationManager.m */,
				9C97786719B1900F00D49E69 /* AFHTTPSessionManager.h */,
				9C97786819B1900F00D49E69 /* AFHTTPSessionManager.m */,
				9C97786919B1900F00D49E69 /* AFNetworking.h */,
				9C97786A19B1900F00D49E69 /* AFNetworkReachabilityManager.h */,
				9C97786B19B1900F00D49E69 /* AFNetworkReachabilityManager.m */,
				9C97786C19B1900F00D49E69 /* AFSecurityPolicy.h */,
				9C97786D19B1900F00D49E69 /* AFSecurityPolicy.m */,
				9C97786E19B1900F00D49E69 /* AFURLConnectionOperation.h */,
				9C97786F19B1900F00D49E69 /* AFURLConnectionOperation.m */,
				9C97787019B1900F00D49E69 /* AFURLRequestSerialization.h */,
				9C97787119B1900F00D49E69 /* AFURLRequestSerialization.m */,
				9C97787219B1900F00D49E69 /* AFURLResponseSerialization.h */,
				9C97787319B1900F00D49E69 /* AFURLResponseSerialization.m */,
				9C97787419B1900F00D49E69 /* AFURLSessionManager.h */,
				9C97787519B1900F00D49E69 /* AFURLSessionManager.m */,
			);
			path = AFNetworking;
			sourceTree = "<group>";
		};
		9C97787619B1900F00D49E69 /* JSONKit */ = {
			isa = PBXGroup;
			children = (
				9C97787719B1900F00D49E69 /* CHANGELOG.md */,
				9C97787819B1900F00D49E69 /* JSONKit.h */,
				9C97787919B1900F00D49E69 /* JSONKit.m */,
				9C97787A19B1900F00D49E69 /* README.md */,
			);
			path = JSONKit;
			sourceTree = "<group>";
		};
		9C97787B19B1900F00D49E69 /* SDWebImage */ = {
			isa = PBXGroup;
			children = (
				9C97787C19B1900F00D49E69 /* MKAnnotationView+WebCache.h */,
				9C97787D19B1900F00D49E69 /* MKAnnotationView+WebCache.m */,
				9C97787E19B1900F00D49E69 /* NSData+ImageContentType.h */,
				9C97787F19B1900F00D49E69 /* NSData+ImageContentType.m */,
				9C97788019B1900F00D49E69 /* SDImageCache.h */,
				9C97788119B1900F00D49E69 /* SDImageCache.m */,
				9C97788219B1900F00D49E69 /* SDWebImageCompat.h */,
				9C97788319B1900F00D49E69 /* SDWebImageCompat.m */,
				9C97788419B1900F00D49E69 /* SDWebImageDecoder.h */,
				9C97788519B1900F00D49E69 /* SDWebImageDecoder.m */,
				9C97788619B1900F00D49E69 /* SDWebImageDownloader.h */,
				9C97788719B1900F00D49E69 /* SDWebImageDownloader.m */,
				9C97788819B1900F00D49E69 /* SDWebImageDownloaderOperation.h */,
				9C97788919B1900F00D49E69 /* SDWebImageDownloaderOperation.m */,
				9C97788A19B1900F00D49E69 /* SDWebImageManager.h */,
				9C97788B19B1900F00D49E69 /* SDWebImageManager.m */,
				9C97788C19B1900F00D49E69 /* SDWebImageOperation.h */,
				9C97788D19B1900F00D49E69 /* SDWebImagePrefetcher.h */,
				9C97788E19B1900F00D49E69 /* SDWebImagePrefetcher.m */,
				9C97788F19B1900F00D49E69 /* UIButton+WebCache.h */,
				9C97789019B1900F00D49E69 /* UIButton+WebCache.m */,
				9C97789119B1900F00D49E69 /* UIImage+GIF.h */,
				9C97789219B1900F00D49E69 /* UIImage+GIF.m */,
				9C97789319B1900F00D49E69 /* UIImage+MultiFormat.h */,
				9C97789419B1900F00D49E69 /* UIImage+MultiFormat.m */,
				9C97789519B1900F00D49E69 /* UIImage+WebP.h */,
				9C97789619B1900F00D49E69 /* UIImage+WebP.m */,
				9C97789719B1900F00D49E69 /* UIImageView+HighlightedWebCache.h */,
				9C97789819B1900F00D49E69 /* UIImageView+HighlightedWebCache.m */,
				9C97789919B1900F00D49E69 /* UIImageView+WebCache.h */,
				9C97789A19B1900F00D49E69 /* UIImageView+WebCache.m */,
				9C97789B19B1900F00D49E69 /* UIView+WebCacheOperation.h */,
				9C97789C19B1900F00D49E69 /* UIView+WebCacheOperation.m */,
			);
			path = SDWebImage;
			sourceTree = "<group>";
		};
		9C97789D19B1900F00D49E69 /* Resources */ = {
			isa = PBXGroup;
			children = (
				9C97789E19B1900F00D49E69 /* Property.plist */,
				9C97789F19B1900F00D49E69 /* system.config */,
			);
			path = Resources;
			sourceTree = "<group>";
		};
/* End PBXGroup section */

/* Begin PBXNativeTarget section */
		849F7F4619AB81EE00962BB1 /* ZHGreenFuture */ = {
			isa = PBXNativeTarget;
			buildConfigurationList = 849F7F7C19AB81EE00962BB1 /* Build configuration list for PBXNativeTarget "ZHGreenFuture" */;
			buildPhases = (
				46ADBE9FB9D24E55B80D0EC4 /* Check Pods Manifest.lock */,
				849F7F4319AB81EE00962BB1 /* Sources */,
				849F7F4419AB81EE00962BB1 /* Frameworks */,
				849F7F4519AB81EE00962BB1 /* Resources */,
				5EAA2A1EA92A45DA9E3D1CE8 /* Copy Pods Resources */,
			);
			buildRules = (
			);
			dependencies = (
			);
			name = ZHGreenFuture;
			productName = ZHGreenFuture;
			productReference = 849F7F4719AB81EE00962BB1 /* ZHGreenFuture.app */;
			productType = "com.apple.product-type.application";
		};
		849F7F6A19AB81EE00962BB1 /* ZHGreenFutureTests */ = {
			isa = PBXNativeTarget;
			buildConfigurationList = 849F7F7F19AB81EE00962BB1 /* Build configuration list for PBXNativeTarget "ZHGreenFutureTests" */;
			buildPhases = (
				849F7F6719AB81EE00962BB1 /* Sources */,
				849F7F6819AB81EE00962BB1 /* Frameworks */,
				849F7F6919AB81EE00962BB1 /* Resources */,
			);
			buildRules = (
			);
			dependencies = (
				849F7F7119AB81EE00962BB1 /* PBXTargetDependency */,
			);
			name = ZHGreenFutureTests;
			productName = ZHGreenFutureTests;
			productReference = 849F7F6B19AB81EE00962BB1 /* ZHGreenFutureTests.xctest */;
			productType = "com.apple.product-type.bundle.unit-test";
		};
/* End PBXNativeTarget section */

/* Begin PBXProject section */
		849F7F3F19AB81EE00962BB1 /* Project object */ = {
			isa = PBXProject;
			attributes = {
				LastUpgradeCheck = 0510;
				ORGANIZATIONNAME = ZHiteam;
				TargetAttributes = {
					849F7F6A19AB81EE00962BB1 = {
						TestTargetID = 849F7F4619AB81EE00962BB1;
					};
				};
			};
			buildConfigurationList = 849F7F4219AB81EE00962BB1 /* Build configuration list for PBXProject "ZHGreenFuture" */;
			compatibilityVersion = "Xcode 3.2";
			developmentRegion = English;
			hasScannedForEncodings = 0;
			knownRegions = (
				en,
				Base,
			);
			mainGroup = 849F7F3E19AB81EE00962BB1;
			productRefGroup = 849F7F4819AB81EE00962BB1 /* Products */;
			projectDirPath = "";
			projectRoot = "";
			targets = (
				849F7F4619AB81EE00962BB1 /* ZHGreenFuture */,
				849F7F6A19AB81EE00962BB1 /* ZHGreenFutureTests */,
			);
		};
/* End PBXProject section */

/* Begin PBXResourcesBuildPhase section */
		849F7F4519AB81EE00962BB1 /* Resources */ = {
			isa = PBXResourcesBuildPhase;
			buildActionMask = 2147483647;
			files = (
				849F7F6619AB81EE00962BB1 /* Images.xcassets in Resources */,
				849F7F5519AB81EE00962BB1 /* InfoPlist.strings in Resources */,
				9C9778D219B1900F00D49E69 /* system.config in Resources */,
				9C9778C019B1900F00D49E69 /* README.md in Resources */,
				849F7F5E19AB81EE00962BB1 /* Main.storyboard in Resources */,
				9C9778BE19B1900F00D49E69 /* CHANGELOG.md in Resources */,
				9C9778D119B1900F00D49E69 /* Property.plist in Resources */,
			);
			runOnlyForDeploymentPostprocessing = 0;
		};
		849F7F6919AB81EE00962BB1 /* Resources */ = {
			isa = PBXResourcesBuildPhase;
			buildActionMask = 2147483647;
			files = (
				849F7F7719AB81EE00962BB1 /* InfoPlist.strings in Resources */,
			);
			runOnlyForDeploymentPostprocessing = 0;
		};
/* End PBXResourcesBuildPhase section */

/* Begin PBXShellScriptBuildPhase section */
		46ADBE9FB9D24E55B80D0EC4 /* Check Pods Manifest.lock */ = {
			isa = PBXShellScriptBuildPhase;
			buildActionMask = 2147483647;
			files = (
			);
			inputPaths = (
			);
			name = "Check Pods Manifest.lock";
			outputPaths = (
			);
			runOnlyForDeploymentPostprocessing = 0;
			shellPath = /bin/sh;
			shellScript = "diff \"${PODS_ROOT}/../Podfile.lock\" \"${PODS_ROOT}/Manifest.lock\" > /dev/null\nif [[ $? != 0 ]] ; then\n    cat << EOM\nerror: The sandbox is not in sync with the Podfile.lock. Run 'pod install' or update your CocoaPods installation.\nEOM\n    exit 1\nfi\n";
			showEnvVarsInLog = 0;
		};
		5EAA2A1EA92A45DA9E3D1CE8 /* Copy Pods Resources */ = {
			isa = PBXShellScriptBuildPhase;
			buildActionMask = 2147483647;
			files = (
			);
			inputPaths = (
			);
			name = "Copy Pods Resources";
			outputPaths = (
			);
			runOnlyForDeploymentPostprocessing = 0;
			shellPath = /bin/sh;
			shellScript = "\"${SRCROOT}/Pods/Pods-ZHGreenFuture-resources.sh\"\n";
			showEnvVarsInLog = 0;
		};
/* End PBXShellScriptBuildPhase section */

/* Begin PBXSourcesBuildPhase section */
		849F7F4319AB81EE00962BB1 /* Sources */ = {
			isa = PBXSourcesBuildPhase;
			buildActionMask = 2147483647;
			files = (
				9C9778B519B1900F00D49E69 /* AFHTTPRequestOperation.m in Sources */,
				9C9778A519B1900F00D49E69 /* UIImage+ZHitem.m in Sources */,
				9C9778A819B1900F00D49E69 /* Config.m in Sources */,
				9C9778B419B1900F00D49E69 /* TabbarView.m in Sources */,
				9C9778C419B1900F00D49E69 /* SDWebImageCompat.m in Sources */,
				9C9778BC19B1900F00D49E69 /* AFURLResponseSerialization.m in Sources */,
				9C9778AD19B1900F00D49E69 /* TabbarViewController.m in Sources */,
				9C9778CA19B1900F00D49E69 /* UIButton+WebCache.m in Sources */,
				9C9778A419B1900F00D49E69 /* UIControl+ZHitem.m in Sources */,
				9C9778A319B1900F00D49E69 /* NSString+ZHitem.m in Sources */,
				9C9778C819B1900F00D49E69 /* SDWebImageManager.m in Sources */,
				849F7F6419AB81EE00962BB1 /* SecondViewController.m in Sources */,
				9C9778BA19B1900F00D49E69 /* AFURLConnectionOperation.m in Sources */,
				9C9778B619B1900F00D49E69 /* AFHTTPRequestOperationManager.m in Sources */,
				9C9778C519B1900F00D49E69 /* SDWebImageDecoder.m in Sources */,
				9C9778A619B1900F00D49E69 /* UILabel+ZHitem.m in Sources */,
				9C9778A119B1900F00D49E69 /* NSDictionary+ZHitem.m in Sources */,
				9C9778A219B1900F00D49E69 /* NSObject+Instance.m in Sources */,
				9C9778AB19B1900F00D49E69 /* MemoryStorage.m in Sources */,
				9C9778CD19B1900F00D49E69 /* UIImage+WebP.m in Sources */,
				9C9778B319B1900F00D49E69 /* TabbarItem.m in Sources */,
				9C9778C719B1900F00D49E69 /* SDWebImageDownloaderOperation.m in Sources */,
				9C9778A719B1900F00D49E69 /* UIView+ZHitem.m in Sources */,
				9C9778C119B1900F00D49E69 /* MKAnnotationView+WebCache.m in Sources */,
				9C9778BD19B1900F00D49E69 /* AFURLSessionManager.m in Sources */,
				849F7F5B19AB81EE00962BB1 /* AppDelegate.m in Sources */,
				9C9778CE19B1900F00D49E69 /* UIImageView+HighlightedWebCache.m in Sources */,
				9C9778BF19B1900F00D49E69 /* JSONKit.m in Sources */,
				9C9778B919B1900F00D49E69 /* AFSecurityPolicy.m in Sources */,
				9C9778A019B1900F00D49E69 /* NSData+AESEncryption.m in Sources */,
				849F7F6119AB81EE00962BB1 /* FirstViewController.m in Sources */,
				9C9778B819B1900F00D49E69 /* AFNetworkReachabilityManager.m in Sources */,
				9C9778CF19B1900F00D49E69 /* UIImageView+WebCache.m in Sources */,
				9C9778B019B1900F00D49E69 /* InitCatagory.m in Sources */,
				9C9778D019B1900F00D49E69 /* UIView+WebCacheOperation.m in Sources */,
				9C9778B719B1900F00D49E69 /* AFHTTPSessionManager.m in Sources */,
				9C9778BB19B1900F00D49E69 /* AFURLRequestSerialization.m in Sources */,
				9C9778AE19B1900F00D49E69 /* ZHViewController.m in Sources */,
				9C9778AC19B1900F00D49E69 /* NavigationViewController.m in Sources */,
				9C9778A919B1900F00D49E69 /* HttpClient.m in Sources */,
				9C9778C619B1900F00D49E69 /* SDWebImageDownloader.m in Sources */,
				9C9778AA19B1900F00D49E69 /* LocalSotrage.m in Sources */,
				9C9778CB19B1900F00D49E69 /* UIImage+GIF.m in Sources */,
				9C9778B219B1900F00D49E69 /* NavigationBar.m in Sources */,
				9C9778C319B1900F00D49E69 /* SDImageCache.m in Sources */,
				9C9778C219B1900F00D49E69 /* NSData+ImageContentType.m in Sources */,
				9C9778AF19B1900F00D49E69 /* BaseModel.m in Sources */,
				9C9778C919B1900F00D49E69 /* SDWebImagePrefetcher.m in Sources */,
				9C9778CC19B1900F00D49E69 /* UIImage+MultiFormat.m in Sources */,
				849F7F5719AB81EE00962BB1 /* main.m in Sources */,
				9C9778B119B1900F00D49E69 /* ModelManager.m in Sources */,
			);
			runOnlyForDeploymentPostprocessing = 0;
		};
		849F7F6719AB81EE00962BB1 /* Sources */ = {
			isa = PBXSourcesBuildPhase;
			buildActionMask = 2147483647;
			files = (
				849F7F7919AB81EE00962BB1 /* ZHGreenFutureTests.m in Sources */,
			);
			runOnlyForDeploymentPostprocessing = 0;
		};
/* End PBXSourcesBuildPhase section */

/* Begin PBXTargetDependency section */
		849F7F7119AB81EE00962BB1 /* PBXTargetDependency */ = {
			isa = PBXTargetDependency;
			target = 849F7F4619AB81EE00962BB1 /* ZHGreenFuture */;
			targetProxy = 849F7F7019AB81EE00962BB1 /* PBXContainerItemProxy */;
		};
/* End PBXTargetDependency section */

/* Begin PBXVariantGroup section */
		849F7F5319AB81EE00962BB1 /* InfoPlist.strings */ = {
			isa = PBXVariantGroup;
			children = (
				849F7F5419AB81EE00962BB1 /* en */,
			);
			name = InfoPlist.strings;
			sourceTree = "<group>";
		};
		849F7F5C19AB81EE00962BB1 /* Main.storyboard */ = {
			isa = PBXVariantGroup;
			children = (
				849F7F5D19AB81EE00962BB1 /* Base */,
			);
			name = Main.storyboard;
			sourceTree = "<group>";
		};
		849F7F7519AB81EE00962BB1 /* InfoPlist.strings */ = {
			isa = PBXVariantGroup;
			children = (
				849F7F7619AB81EE00962BB1 /* en */,
			);
			name = InfoPlist.strings;
			sourceTree = "<group>";
		};
/* End PBXVariantGroup section */

/* Begin XCBuildConfiguration section */
		849F7F7A19AB81EE00962BB1 /* Debug */ = {
			isa = XCBuildConfiguration;
			buildSettings = {
				ALWAYS_SEARCH_USER_PATHS = NO;
				CLANG_CXX_LANGUAGE_STANDARD = "gnu++0x";
				CLANG_CXX_LIBRARY = "libc++";
				CLANG_ENABLE_MODULES = YES;
				CLANG_ENABLE_OBJC_ARC = YES;
				CLANG_WARN_BOOL_CONVERSION = YES;
				CLANG_WARN_CONSTANT_CONVERSION = YES;
				CLANG_WARN_DIRECT_OBJC_ISA_USAGE = YES_ERROR;
				CLANG_WARN_EMPTY_BODY = YES;
				CLANG_WARN_ENUM_CONVERSION = YES;
				CLANG_WARN_INT_CONVERSION = YES;
				CLANG_WARN_OBJC_ROOT_CLASS = YES_ERROR;
				CLANG_WARN__DUPLICATE_METHOD_MATCH = YES;
				"CODE_SIGN_IDENTITY[sdk=iphoneos*]" = "iPhone Developer";
				COPY_PHASE_STRIP = NO;
				GCC_C_LANGUAGE_STANDARD = gnu99;
				GCC_DYNAMIC_NO_PIC = NO;
				GCC_OPTIMIZATION_LEVEL = 0;
				GCC_PREPROCESSOR_DEFINITIONS = (
					"DEBUG=1",
					"$(inherited)",
				);
				GCC_SYMBOLS_PRIVATE_EXTERN = NO;
				GCC_WARN_64_TO_32_BIT_CONVERSION = YES;
				GCC_WARN_ABOUT_RETURN_TYPE = YES_ERROR;
				GCC_WARN_UNDECLARED_SELECTOR = YES;
				GCC_WARN_UNINITIALIZED_AUTOS = YES_AGGRESSIVE;
				GCC_WARN_UNUSED_FUNCTION = YES;
				GCC_WARN_UNUSED_VARIABLE = YES;
				IPHONEOS_DEPLOYMENT_TARGET = 7.1;
				ONLY_ACTIVE_ARCH = YES;
				SDKROOT = iphoneos;
			};
			name = Debug;
		};
		849F7F7B19AB81EE00962BB1 /* Release */ = {
			isa = XCBuildConfiguration;
			buildSettings = {
				ALWAYS_SEARCH_USER_PATHS = NO;
				CLANG_CXX_LANGUAGE_STANDARD = "gnu++0x";
				CLANG_CXX_LIBRARY = "libc++";
				CLANG_ENABLE_MODULES = YES;
				CLANG_ENABLE_OBJC_ARC = YES;
				CLANG_WARN_BOOL_CONVERSION = YES;
				CLANG_WARN_CONSTANT_CONVERSION = YES;
				CLANG_WARN_DIRECT_OBJC_ISA_USAGE = YES_ERROR;
				CLANG_WARN_EMPTY_BODY = YES;
				CLANG_WARN_ENUM_CONVERSION = YES;
				CLANG_WARN_INT_CONVERSION = YES;
				CLANG_WARN_OBJC_ROOT_CLASS = YES_ERROR;
				CLANG_WARN__DUPLICATE_METHOD_MATCH = YES;
				"CODE_SIGN_IDENTITY[sdk=iphoneos*]" = "iPhone Developer";
				COPY_PHASE_STRIP = YES;
				ENABLE_NS_ASSERTIONS = NO;
				GCC_C_LANGUAGE_STANDARD = gnu99;
				GCC_WARN_64_TO_32_BIT_CONVERSION = YES;
				GCC_WARN_ABOUT_RETURN_TYPE = YES_ERROR;
				GCC_WARN_UNDECLARED_SELECTOR = YES;
				GCC_WARN_UNINITIALIZED_AUTOS = YES_AGGRESSIVE;
				GCC_WARN_UNUSED_FUNCTION = YES;
				GCC_WARN_UNUSED_VARIABLE = YES;
				IPHONEOS_DEPLOYMENT_TARGET = 7.1;
				SDKROOT = iphoneos;
				VALIDATE_PRODUCT = YES;
			};
			name = Release;
		};
		849F7F7D19AB81EE00962BB1 /* Debug */ = {
			isa = XCBuildConfiguration;
			baseConfigurationReference = C71C3F53A51D425DB6BCAC4D /* Pods-ZHGreenFuture.xcconfig */;
			buildSettings = {
				ASSETCATALOG_COMPILER_APPICON_NAME = AppIcon;
				ASSETCATALOG_COMPILER_LAUNCHIMAGE_NAME = LaunchImage;
				GCC_PRECOMPILE_PREFIX_HEADER = YES;
				GCC_PREFIX_HEADER = "ZHGreenFuture/ZHGreenFuture-Prefix.pch";
				INFOPLIST_FILE = "ZHGreenFuture/ZHGreenFuture-Info.plist";
				IPHONEOS_DEPLOYMENT_TARGET = 6.0;
				PRODUCT_NAME = "$(TARGET_NAME)";
				WRAPPER_EXTENSION = app;
			};
			name = Debug;
		};
		849F7F7E19AB81EE00962BB1 /* Release */ = {
			isa = XCBuildConfiguration;
			baseConfigurationReference = C71C3F53A51D425DB6BCAC4D /* Pods-ZHGreenFuture.xcconfig */;
			buildSettings = {
				ASSETCATALOG_COMPILER_APPICON_NAME = AppIcon;
				ASSETCATALOG_COMPILER_LAUNCHIMAGE_NAME = LaunchImage;
				GCC_PRECOMPILE_PREFIX_HEADER = YES;
				GCC_PREFIX_HEADER = "ZHGreenFuture/ZHGreenFuture-Prefix.pch";
				INFOPLIST_FILE = "ZHGreenFuture/ZHGreenFuture-Info.plist";
				IPHONEOS_DEPLOYMENT_TARGET = 6.0;
				PRODUCT_NAME = "$(TARGET_NAME)";
				WRAPPER_EXTENSION = app;
			};
			name = Release;
		};
		849F7F8019AB81EE00962BB1 /* Debug */ = {
			isa = XCBuildConfiguration;
			buildSettings = {
				BUNDLE_LOADER = "$(BUILT_PRODUCTS_DIR)/ZHGreenFuture.app/ZHGreenFuture";
				FRAMEWORK_SEARCH_PATHS = (
					"$(SDKROOT)/Developer/Library/Frameworks",
					"$(inherited)",
					"$(DEVELOPER_FRAMEWORKS_DIR)",
				);
				GCC_PRECOMPILE_PREFIX_HEADER = YES;
				GCC_PREFIX_HEADER = "ZHGreenFuture/ZHGreenFuture-Prefix.pch";
				GCC_PREPROCESSOR_DEFINITIONS = (
					"DEBUG=1",
					"$(inherited)",
				);
				INFOPLIST_FILE = "ZHGreenFutureTests/ZHGreenFutureTests-Info.plist";
				PRODUCT_NAME = "$(TARGET_NAME)";
				TEST_HOST = "$(BUNDLE_LOADER)";
				WRAPPER_EXTENSION = xctest;
			};
			name = Debug;
		};
		849F7F8119AB81EE00962BB1 /* Release */ = {
			isa = XCBuildConfiguration;
			buildSettings = {
				BUNDLE_LOADER = "$(BUILT_PRODUCTS_DIR)/ZHGreenFuture.app/ZHGreenFuture";
				FRAMEWORK_SEARCH_PATHS = (
					"$(SDKROOT)/Developer/Library/Frameworks",
					"$(inherited)",
					"$(DEVELOPER_FRAMEWORKS_DIR)",
				);
				GCC_PRECOMPILE_PREFIX_HEADER = YES;
				GCC_PREFIX_HEADER = "ZHGreenFuture/ZHGreenFuture-Prefix.pch";
				INFOPLIST_FILE = "ZHGreenFutureTests/ZHGreenFutureTests-Info.plist";
				PRODUCT_NAME = "$(TARGET_NAME)";
				TEST_HOST = "$(BUNDLE_LOADER)";
				WRAPPER_EXTENSION = xctest;
			};
			name = Release;
		};
/* End XCBuildConfiguration section */

/* Begin XCConfigurationList section */
		849F7F4219AB81EE00962BB1 /* Build configuration list for PBXProject "ZHGreenFuture" */ = {
			isa = XCConfigurationList;
			buildConfigurations = (
				849F7F7A19AB81EE00962BB1 /* Debug */,
				849F7F7B19AB81EE00962BB1 /* Release */,
			);
			defaultConfigurationIsVisible = 0;
			defaultConfigurationName = Release;
		};
		849F7F7C19AB81EE00962BB1 /* Build configuration list for PBXNativeTarget "ZHGreenFuture" */ = {
			isa = XCConfigurationList;
			buildConfigurations = (
				849F7F7D19AB81EE00962BB1 /* Debug */,
				849F7F7E19AB81EE00962BB1 /* Release */,
			);
			defaultConfigurationIsVisible = 0;
			defaultConfigurationName = Release;
		};
		849F7F7F19AB81EE00962BB1 /* Build configuration list for PBXNativeTarget "ZHGreenFutureTests" */ = {
			isa = XCConfigurationList;
			buildConfigurations = (
				849F7F8019AB81EE00962BB1 /* Debug */,
				849F7F8119AB81EE00962BB1 /* Release */,
			);
			defaultConfigurationIsVisible = 0;
			defaultConfigurationName = Release;
		};
/* End XCConfigurationList section */
	};
	rootObject = 849F7F3F19AB81EE00962BB1 /* Project object */;
}
