// !$*UTF8*$!
{
	archiveVersion = 1;
	classes = {
	};
	objectVersion = 46;
	objects = {

/* Begin PBXBuildFile section */
		849F7F4B19AB81EE00962BB1 /* Foundation.framework in Frameworks */ = {isa = PBXBuildFile; fileRef = 849F7F4A19AB81EE00962BB1 /* Foundation.framework */; };
		849F7F4D19AB81EE00962BB1 /* CoreGraphics.framework in Frameworks */ = {isa = PBXBuildFile; fileRef = 849F7F4C19AB81EE00962BB1 /* CoreGraphics.framework */; };
		849F7F4F19AB81EE00962BB1 /* UIKit.framework in Frameworks */ = {isa = PBXBuildFile; fileRef = 849F7F4E19AB81EE00962BB1 /* UIKit.framework */; };
		849F7F5519AB81EE00962BB1 /* InfoPlist.strings in Resources */ = {isa = PBXBuildFile; fileRef = 849F7F5319AB81EE00962BB1 /* InfoPlist.strings */; };
		849F7F5719AB81EE00962BB1 /* main.m in Sources */ = {isa = PBXBuildFile; fileRef = 849F7F5619AB81EE00962BB1 /* main.m */; };
		849F7F5B19AB81EE00962BB1 /* AppDelegate.m in Sources */ = {isa = PBXBuildFile; fileRef = 849F7F5A19AB81EE00962BB1 /* AppDelegate.m */; };
		849F7F5E19AB81EE00962BB1 /* Main.storyboard in Resources */ = {isa = PBXBuildFile; fileRef = 849F7F5C19AB81EE00962BB1 /* Main.storyboard */; };
		849F7F6119AB81EE00962BB1 /* FirstViewController.m in Sources */ = {isa = PBXBuildFile; fileRef = 849F7F6019AB81EE00962BB1 /* FirstViewController.m */; };
		849F7F6419AB81EE00962BB1 /* SecondViewController.m in Sources */ = {isa = PBXBuildFile; fileRef = 849F7F6319AB81EE00962BB1 /* SecondViewController.m */; };
		849F7F6619AB81EE00962BB1 /* Images.xcassets in Resources */ = {isa = PBXBuildFile; fileRef = 849F7F6519AB81EE00962BB1 /* Images.xcassets */; };
		849F7F6D19AB81EE00962BB1 /* XCTest.framework in Frameworks */ = {isa = PBXBuildFile; fileRef = 849F7F6C19AB81EE00962BB1 /* XCTest.framework */; };
		849F7F6E19AB81EE00962BB1 /* Foundation.framework in Frameworks */ = {isa = PBXBuildFile; fileRef = 849F7F4A19AB81EE00962BB1 /* Foundation.framework */; };
		849F7F6F19AB81EE00962BB1 /* UIKit.framework in Frameworks */ = {isa = PBXBuildFile; fileRef = 849F7F4E19AB81EE00962BB1 /* UIKit.framework */; };
		849F7F7719AB81EE00962BB1 /* InfoPlist.strings in Resources */ = {isa = PBXBuildFile; fileRef = 849F7F7519AB81EE00962BB1 /* InfoPlist.strings */; };
		849F7F7919AB81EE00962BB1 /* ZHGreenFutureTests.m in Sources */ = {isa = PBXBuildFile; fileRef = 849F7F7819AB81EE00962BB1 /* ZHGreenFutureTests.m */; };
/* End PBXBuildFile section */

/* Begin PBXContainerItemProxy section */
		849F7F7019AB81EE00962BB1 /* PBXContainerItemProxy */ = {
			isa = PBXContainerItemProxy;
			containerPortal = 849F7F3F19AB81EE00962BB1 /* Project object */;
			proxyType = 1;
			remoteGlobalIDString = 849F7F4619AB81EE00962BB1;
			remoteInfo = ZHGreenFuture;
		};
/* End PBXContainerItemProxy section */

/* Begin PBXFileReference section */
		849F7F4719AB81EE00962BB1 /* ZHGreenFuture.app */ = {isa = PBXFileReference; explicitFileType = wrapper.application; includeInIndex = 0; path = ZHGreenFuture.app; sourceTree = BUILT_PRODUCTS_DIR; };
		849F7F4A19AB81EE00962BB1 /* Foundation.framework */ = {isa = PBXFileReference; lastKnownFileType = wrapper.framework; name = Foundation.framework; path = System/Library/Frameworks/Foundation.framework; sourceTree = SDKROOT; };
		849F7F4C19AB81EE00962BB1 /* CoreGraphics.framework */ = {isa = PBXFileReference; lastKnownFileType = wrapper.framework; name = CoreGraphics.framework; path = System/Library/Frameworks/CoreGraphics.framework; sourceTree = SDKROOT; };
		849F7F4E19AB81EE00962BB1 /* UIKit.framework */ = {isa = PBXFileReference; lastKnownFileType = wrapper.framework; name = UIKit.framework; path = System/Library/Frameworks/UIKit.framework; sourceTree = SDKROOT; };
		849F7F5219AB81EE00962BB1 /* ZHGreenFuture-Info.plist */ = {isa = PBXFileReference; lastKnownFileType = text.plist.xml; path = "ZHGreenFuture-Info.plist"; sourceTree = "<group>"; };
		849F7F5419AB81EE00962BB1 /* en */ = {isa = PBXFileReference; lastKnownFileType = text.plist.strings; name = en; path = en.lproj/InfoPlist.strings; sourceTree = "<group>"; };
		849F7F5619AB81EE00962BB1 /* main.m */ = {isa = PBXFileReference; lastKnownFileType = sourcecode.c.objc; path = main.m; sourceTree = "<group>"; };
		849F7F5819AB81EE00962BB1 /* ZHGreenFuture-Prefix.pch */ = {isa = PBXFileReference; lastKnownFileType = sourcecode.c.h; path = "ZHGreenFuture-Prefix.pch"; sourceTree = "<group>"; };
		849F7F5919AB81EE00962BB1 /* AppDelegate.h */ = {isa = PBXFileReference; lastKnownFileType = sourcecode.c.h; path = AppDelegate.h; sourceTree = "<group>"; };
		849F7F5A19AB81EE00962BB1 /* AppDelegate.m */ = {isa = PBXFileReference; lastKnownFileType = sourcecode.c.objc; path = AppDelegate.m; sourceTree = "<group>"; };
		849F7F5D19AB81EE00962BB1 /* Base */ = {isa = PBXFileReference; lastKnownFileType = file.storyboard; name = Base; path = Base.lproj/Main.storyboard; sourceTree = "<group>"; };
		849F7F5F19AB81EE00962BB1 /* FirstViewController.h */ = {isa = PBXFileReference; lastKnownFileType = sourcecode.c.h; path = FirstViewController.h; sourceTree = "<group>"; };
		849F7F6019AB81EE00962BB1 /* FirstViewController.m */ = {isa = PBXFileReference; lastKnownFileType = sourcecode.c.objc; path = FirstViewController.m; sourceTree = "<group>"; };
		849F7F6219AB81EE00962BB1 /* SecondViewController.h */ = {isa = PBXFileReference; lastKnownFileType = sourcecode.c.h; path = SecondViewController.h; sourceTree = "<group>"; };
		849F7F6319AB81EE00962BB1 /* SecondViewController.m */ = {isa = PBXFileReference; lastKnownFileType = sourcecode.c.objc; path = SecondViewController.m; sourceTree = "<group>"; };
		849F7F6519AB81EE00962BB1 /* Images.xcassets */ = {isa = PBXFileReference; lastKnownFileType = folder.assetcatalog; path = Images.xcassets; sourceTree = "<group>"; };
		849F7F6B19AB81EE00962BB1 /* ZHGreenFutureTests.xctest */ = {isa = PBXFileReference; explicitFileType = wrapper.cfbundle; includeInIndex = 0; path = ZHGreenFutureTests.xctest; sourceTree = BUILT_PRODUCTS_DIR; };
		849F7F6C19AB81EE00962BB1 /* XCTest.framework */ = {isa = PBXFileReference; lastKnownFileType = wrapper.framework; name = XCTest.framework; path = Library/Frameworks/XCTest.framework; sourceTree = DEVELOPER_DIR; };
		849F7F7419AB81EE00962BB1 /* ZHGreenFutureTests-Info.plist */ = {isa = PBXFileReference; lastKnownFileType = text.plist.xml; path = "ZHGreenFutureTests-Info.plist"; sourceTree = "<group>"; };
		849F7F7619AB81EE00962BB1 /* en */ = {isa = PBXFileReference; lastKnownFileType = text.plist.strings; name = en; path = en.lproj/InfoPlist.strings; sourceTree = "<group>"; };
		849F7F7819AB81EE00962BB1 /* ZHGreenFutureTests.m */ = {isa = PBXFileReference; lastKnownFileType = sourcecode.c.objc; path = ZHGreenFutureTests.m; sourceTree = "<group>"; };
/* End PBXFileReference section */

/* Begin PBXFrameworksBuildPhase section */
		849F7F4419AB81EE00962BB1 /* Frameworks */ = {
			isa = PBXFrameworksBuildPhase;
			buildActionMask = 2147483647;
			files = (
				849F7F4D19AB81EE00962BB1 /* CoreGraphics.framework in Frameworks */,
				849F7F4F19AB81EE00962BB1 /* UIKit.framework in Frameworks */,
				849F7F4B19AB81EE00962BB1 /* Foundation.framework in Frameworks */,
			);
			runOnlyForDeploymentPostprocessing = 0;
		};
		849F7F6819AB81EE00962BB1 /* Frameworks */ = {
			isa = PBXFrameworksBuildPhase;
			buildActionMask = 2147483647;
			files = (
				849F7F6D19AB81EE00962BB1 /* XCTest.framework in Frameworks */,
				849F7F6F19AB81EE00962BB1 /* UIKit.framework in Frameworks */,
				849F7F6E19AB81EE00962BB1 /* Foundation.framework in Frameworks */,
			);
			runOnlyForDeploymentPostprocessing = 0;
		};
/* End PBXFrameworksBuildPhase section */

/* Begin PBXGroup section */
		849F7F3E19AB81EE00962BB1 = {
			isa = PBXGroup;
			children = (
				849F7F5019AB81EE00962BB1 /* ZHGreenFuture */,
				849F7F7219AB81EE00962BB1 /* ZHGreenFutureTests */,
				849F7F4919AB81EE00962BB1 /* Frameworks */,
				849F7F4819AB81EE00962BB1 /* Products */,
			);
			sourceTree = "<group>";
		};
		849F7F4819AB81EE00962BB1 /* Products */ = {
			isa = PBXGroup;
			children = (
				849F7F4719AB81EE00962BB1 /* ZHGreenFuture.app */,
				849F7F6B19AB81EE00962BB1 /* ZHGreenFutureTests.xctest */,
			);
			name = Products;
			sourceTree = "<group>";
		};
		849F7F4919AB81EE00962BB1 /* Frameworks */ = {
			isa = PBXGroup;
			children = (
				849F7F4A19AB81EE00962BB1 /* Foundation.framework */,
				849F7F4C19AB81EE00962BB1 /* CoreGraphics.framework */,
				849F7F4E19AB81EE00962BB1 /* UIKit.framework */,
				849F7F6C19AB81EE00962BB1 /* XCTest.framework */,
			);
			name = Frameworks;
			sourceTree = "<group>";
		};
		849F7F5019AB81EE00962BB1 /* ZHGreenFuture */ = {
			isa = PBXGroup;
			children = (
				849F7F5919AB81EE00962BB1 /* AppDelegate.h */,
				849F7F5A19AB81EE00962BB1 /* AppDelegate.m */,
				849F7F5C19AB81EE00962BB1 /* Main.storyboard */,
				849F7F5F19AB81EE00962BB1 /* FirstViewController.h */,
				849F7F6019AB81EE00962BB1 /* FirstViewController.m */,
				849F7F6219AB81EE00962BB1 /* SecondViewController.h */,
				849F7F6319AB81EE00962BB1 /* SecondViewController.m */,
				849F7F6519AB81EE00962BB1 /* Images.xcassets */,
				849F7F5119AB81EE00962BB1 /* Supporting Files */,
			);
			path = ZHGreenFuture;
			sourceTree = "<group>";
		};
		849F7F5119AB81EE00962BB1 /* Supporting Files */ = {
			isa = PBXGroup;
			children = (
				849F7F5219AB81EE00962BB1 /* ZHGreenFuture-Info.plist */,
				849F7F5319AB81EE00962BB1 /* InfoPlist.strings */,
				849F7F5619AB81EE00962BB1 /* main.m */,
				849F7F5819AB81EE00962BB1 /* ZHGreenFuture-Prefix.pch */,
			);
			name = "Supporting Files";
			sourceTree = "<group>";
		};
		849F7F7219AB81EE00962BB1 /* ZHGreenFutureTests */ = {
			isa = PBXGroup;
			children = (
				849F7F7819AB81EE00962BB1 /* ZHGreenFutureTests.m */,
				849F7F7319AB81EE00962BB1 /* Supporting Files */,
			);
			path = ZHGreenFutureTests;
			sourceTree = "<group>";
		};
		849F7F7319AB81EE00962BB1 /* Supporting Files */ = {
			isa = PBXGroup;
			children = (
				849F7F7419AB81EE00962BB1 /* ZHGreenFutureTests-Info.plist */,
				849F7F7519AB81EE00962BB1 /* InfoPlist.strings */,
			);
			name = "Supporting Files";
			sourceTree = "<group>";
		};
/* End PBXGroup section */

/* Begin PBXNativeTarget section */
		849F7F4619AB81EE00962BB1 /* ZHGreenFuture */ = {
			isa = PBXNativeTarget;
			buildConfigurationList = 849F7F7C19AB81EE00962BB1 /* Build configuration list for PBXNativeTarget "ZHGreenFuture" */;
			buildPhases = (
				849F7F4319AB81EE00962BB1 /* Sources */,
				849F7F4419AB81EE00962BB1 /* Frameworks */,
				849F7F4519AB81EE00962BB1 /* Resources */,
			);
			buildRules = (
			);
			dependencies = (
			);
			name = ZHGreenFuture;
			productName = ZHGreenFuture;
			productReference = 849F7F4719AB81EE00962BB1 /* ZHGreenFuture.app */;
			productType = "com.apple.product-type.application";
		};
		849F7F6A19AB81EE00962BB1 /* ZHGreenFutureTests */ = {
			isa = PBXNativeTarget;
			buildConfigurationList = 849F7F7F19AB81EE00962BB1 /* Build configuration list for PBXNativeTarget "ZHGreenFutureTests" */;
			buildPhases = (
				849F7F6719AB81EE00962BB1 /* Sources */,
				849F7F6819AB81EE00962BB1 /* Frameworks */,
				849F7F6919AB81EE00962BB1 /* Resources */,
			);
			buildRules = (
			);
			dependencies = (
				849F7F7119AB81EE00962BB1 /* PBXTargetDependency */,
			);
			name = ZHGreenFutureTests;
			productName = ZHGreenFutureTests;
			productReference = 849F7F6B19AB81EE00962BB1 /* ZHGreenFutureTests.xctest */;
			productType = "com.apple.product-type.bundle.unit-test";
		};
/* End PBXNativeTarget section */

/* Begin PBXProject section */
		849F7F3F19AB81EE00962BB1 /* Project object */ = {
			isa = PBXProject;
			attributes = {
				LastUpgradeCheck = 0510;
				ORGANIZATIONNAME = ZHiteam;
				TargetAttributes = {
					849F7F6A19AB81EE00962BB1 = {
						TestTargetID = 849F7F4619AB81EE00962BB1;
					};
				};
			};
			buildConfigurationList = 849F7F4219AB81EE00962BB1 /* Build configuration list for PBXProject "ZHGreenFuture" */;
			compatibilityVersion = "Xcode 3.2";
			developmentRegion = English;
			hasScannedForEncodings = 0;
			knownRegions = (
				en,
				Base,
			);
			mainGroup = 849F7F3E19AB81EE00962BB1;
			productRefGroup = 849F7F4819AB81EE00962BB1 /* Products */;
			projectDirPath = "";
			projectRoot = "";
			targets = (
				849F7F4619AB81EE00962BB1 /* ZHGreenFuture */,
				849F7F6A19AB81EE00962BB1 /* ZHGreenFutureTests */,
			);
		};
/* End PBXProject section */

/* Begin PBXResourcesBuildPhase section */
		849F7F4519AB81EE00962BB1 /* Resources */ = {
			isa = PBXResourcesBuildPhase;
			buildActionMask = 2147483647;
			files = (
				849F7F6619AB81EE00962BB1 /* Images.xcassets in Resources */,
				849F7F5519AB81EE00962BB1 /* InfoPlist.strings in Resources */,
				849F7F5E19AB81EE00962BB1 /* Main.storyboard in Resources */,
			);
			runOnlyForDeploymentPostprocessing = 0;
		};
		849F7F6919AB81EE00962BB1 /* Resources */ = {
			isa = PBXResourcesBuildPhase;
			buildActionMask = 2147483647;
			files = (
				849F7F7719AB81EE00962BB1 /* InfoPlist.strings in Resources */,
			);
			runOnlyForDeploymentPostprocessing = 0;
		};
/* End PBXResourcesBuildPhase section */

/* Begin PBXSourcesBuildPhase section */
		849F7F4319AB81EE00962BB1 /* Sources */ = {
			isa = PBXSourcesBuildPhase;
			buildActionMask = 2147483647;
			files = (
				849F7F6419AB81EE00962BB1 /* SecondViewController.m in Sources */,
				849F7F5B19AB81EE00962BB1 /* AppDelegate.m in Sources */,
				849F7F6119AB81EE00962BB1 /* FirstViewController.m in Sources */,
				849F7F5719AB81EE00962BB1 /* main.m in Sources */,
			);
			runOnlyForDeploymentPostprocessing = 0;
		};
		849F7F6719AB81EE00962BB1 /* Sources */ = {
			isa = PBXSourcesBuildPhase;
			buildActionMask = 2147483647;
			files = (
				849F7F7919AB81EE00962BB1 /* ZHGreenFutureTests.m in Sources */,
			);
			runOnlyForDeploymentPostprocessing = 0;
		};
/* End PBXSourcesBuildPhase section */

/* Begin PBXTargetDependency section */
		849F7F7119AB81EE00962BB1 /* PBXTargetDependency */ = {
			isa = PBXTargetDependency;
			target = 849F7F4619AB81EE00962BB1 /* ZHGreenFuture */;
			targetProxy = 849F7F7019AB81EE00962BB1 /* PBXContainerItemProxy */;
		};
/* End PBXTargetDependency section */

/* Begin PBXVariantGroup section */
		849F7F5319AB81EE00962BB1 /* InfoPlist.strings */ = {
			isa = PBXVariantGroup;
			children = (
				849F7F5419AB81EE00962BB1 /* en */,
			);
			name = InfoPlist.strings;
			sourceTree = "<group>";
		};
		849F7F5C19AB81EE00962BB1 /* Main.storyboard */ = {
			isa = PBXVariantGroup;
			children = (
				849F7F5D19AB81EE00962BB1 /* Base */,
			);
			name = Main.storyboard;
			sourceTree = "<group>";
		};
		849F7F7519AB81EE00962BB1 /* InfoPlist.strings */ = {
			isa = PBXVariantGroup;
			children = (
				849F7F7619AB81EE00962BB1 /* en */,
			);
			name = InfoPlist.strings;
			sourceTree = "<group>";
		};
/* End PBXVariantGroup section */

/* Begin XCBuildConfiguration section */
		849F7F7A19AB81EE00962BB1 /* Debug */ = {
			isa = XCBuildConfiguration;
			buildSettings = {
				ALWAYS_SEARCH_USER_PATHS = NO;
				CLANG_CXX_LANGUAGE_STANDARD = "gnu++0x";
				CLANG_CXX_LIBRARY = "libc++";
				CLANG_ENABLE_MODULES = YES;
				CLANG_ENABLE_OBJC_ARC = YES;
				CLANG_WARN_BOOL_CONVERSION = YES;
				CLANG_WARN_CONSTANT_CONVERSION = YES;
				CLANG_WARN_DIRECT_OBJC_ISA_USAGE = YES_ERROR;
				CLANG_WARN_EMPTY_BODY = YES;
				CLANG_WARN_ENUM_CONVERSION = YES;
				CLANG_WARN_INT_CONVERSION = YES;
				CLANG_WARN_OBJC_ROOT_CLASS = YES_ERROR;
				CLANG_WARN__DUPLICATE_METHOD_MATCH = YES;
				"CODE_SIGN_IDENTITY[sdk=iphoneos*]" = "iPhone Developer";
				COPY_PHASE_STRIP = NO;
				GCC_C_LANGUAGE_STANDARD = gnu99;
				GCC_DYNAMIC_NO_PIC = NO;
				GCC_OPTIMIZATION_LEVEL = 0;
				GCC_PREPROCESSOR_DEFINITIONS = (
					"DEBUG=1",
					"$(inherited)",
				);
				GCC_SYMBOLS_PRIVATE_EXTERN = NO;
				GCC_WARN_64_TO_32_BIT_CONVERSION = YES;
				GCC_WARN_ABOUT_RETURN_TYPE = YES_ERROR;
				GCC_WARN_UNDECLARED_SELECTOR = YES;
				GCC_WARN_UNINITIALIZED_AUTOS = YES_AGGRESSIVE;
				GCC_WARN_UNUSED_FUNCTION = YES;
				GCC_WARN_UNUSED_VARIABLE = YES;
				IPHONEOS_DEPLOYMENT_TARGET = 7.1;
				ONLY_ACTIVE_ARCH = YES;
				SDKROOT = iphoneos;
			};
			name = Debug;
		};
		849F7F7B19AB81EE00962BB1 /* Release */ = {
			isa = XCBuildConfiguration;
			buildSettings = {
				ALWAYS_SEARCH_USER_PATHS = NO;
				CLANG_CXX_LANGUAGE_STANDARD = "gnu++0x";
				CLANG_CXX_LIBRARY = "libc++";
				CLANG_ENABLE_MODULES = YES;
				CLANG_ENABLE_OBJC_ARC = YES;
				CLANG_WARN_BOOL_CONVERSION = YES;
				CLANG_WARN_CONSTANT_CONVERSION = YES;
				CLANG_WARN_DIRECT_OBJC_ISA_USAGE = YES_ERROR;
				CLANG_WARN_EMPTY_BODY = YES;
				CLANG_WARN_ENUM_CONVERSION = YES;
				CLANG_WARN_INT_CONVERSION = YES;
				CLANG_WARN_OBJC_ROOT_CLASS = YES_ERROR;
				CLANG_WARN__DUPLICATE_METHOD_MATCH = YES;
				"CODE_SIGN_IDENTITY[sdk=iphoneos*]" = "iPhone Developer";
				COPY_PHASE_STRIP = YES;
				ENABLE_NS_ASSERTIONS = NO;
				GCC_C_LANGUAGE_STANDARD = gnu99;
				GCC_WARN_64_TO_32_BIT_CONVERSION = YES;
				GCC_WARN_ABOUT_RETURN_TYPE = YES_ERROR;
				GCC_WARN_UNDECLARED_SELECTOR = YES;
				GCC_WARN_UNINITIALIZED_AUTOS = YES_AGGRESSIVE;
				GCC_WARN_UNUSED_FUNCTION = YES;
				GCC_WARN_UNUSED_VARIABLE = YES;
				IPHONEOS_DEPLOYMENT_TARGET = 7.1;
				SDKROOT = iphoneos;
				VALIDATE_PRODUCT = YES;
			};
			name = Release;
		};
		849F7F7D19AB81EE00962BB1 /* Debug */ = {
			isa = XCBuildConfiguration;
			buildSettings = {
				ASSETCATALOG_COMPILER_APPICON_NAME = AppIcon;
				ASSETCATALOG_COMPILER_LAUNCHIMAGE_NAME = LaunchImage;
				GCC_PRECOMPILE_PREFIX_HEADER = YES;
				GCC_PREFIX_HEADER = "ZHGreenFuture/ZHGreenFuture-Prefix.pch";
				INFOPLIST_FILE = "ZHGreenFuture/ZHGreenFuture-Info.plist";
				IPHONEOS_DEPLOYMENT_TARGET = 6.0;
				PRODUCT_NAME = "$(TARGET_NAME)";
				WRAPPER_EXTENSION = app;
			};
			name = Debug;
		};
		849F7F7E19AB81EE00962BB1 /* Release */ = {
			isa = XCBuildConfiguration;
			buildSettings = {
				ASSETCATALOG_COMPILER_APPICON_NAME = AppIcon;
				ASSETCATALOG_COMPILER_LAUNCHIMAGE_NAME = LaunchImage;
				GCC_PRECOMPILE_PREFIX_HEADER = YES;
				GCC_PREFIX_HEADER = "ZHGreenFuture/ZHGreenFuture-Prefix.pch";
				INFOPLIST_FILE = "ZHGreenFuture/ZHGreenFuture-Info.plist";
				IPHONEOS_DEPLOYMENT_TARGET = 6.0;
				PRODUCT_NAME = "$(TARGET_NAME)";
				WRAPPER_EXTENSION = app;
			};
			name = Release;
		};
		849F7F8019AB81EE00962BB1 /* Debug */ = {
			isa = XCBuildConfiguration;
			buildSettings = {
				BUNDLE_LOADER = "$(BUILT_PRODUCTS_DIR)/ZHGreenFuture.app/ZHGreenFuture";
				FRAMEWORK_SEARCH_PATHS = (
					"$(SDKROOT)/Developer/Library/Frameworks",
					"$(inherited)",
					"$(DEVELOPER_FRAMEWORKS_DIR)",
				);
				GCC_PRECOMPILE_PREFIX_HEADER = YES;
				GCC_PREFIX_HEADER = "ZHGreenFuture/ZHGreenFuture-Prefix.pch";
				GCC_PREPROCESSOR_DEFINITIONS = (
					"DEBUG=1",
					"$(inherited)",
				);
				INFOPLIST_FILE = "ZHGreenFutureTests/ZHGreenFutureTests-Info.plist";
				PRODUCT_NAME = "$(TARGET_NAME)";
				TEST_HOST = "$(BUNDLE_LOADER)";
				WRAPPER_EXTENSION = xctest;
			};
			name = Debug;
		};
		849F7F8119AB81EE00962BB1 /* Release */ = {
			isa = XCBuildConfiguration;
			buildSettings = {
				BUNDLE_LOADER = "$(BUILT_PRODUCTS_DIR)/ZHGreenFuture.app/ZHGreenFuture";
				FRAMEWORK_SEARCH_PATHS = (
					"$(SDKROOT)/Developer/Library/Frameworks",
					"$(inherited)",
					"$(DEVELOPER_FRAMEWORKS_DIR)",
				);
				GCC_PRECOMPILE_PREFIX_HEADER = YES;
				GCC_PREFIX_HEADER = "ZHGreenFuture/ZHGreenFuture-Prefix.pch";
				INFOPLIST_FILE = "ZHGreenFutureTests/ZHGreenFutureTests-Info.plist";
				PRODUCT_NAME = "$(TARGET_NAME)";
				TEST_HOST = "$(BUNDLE_LOADER)";
				WRAPPER_EXTENSION = xctest;
			};
			name = Release;
		};
/* End XCBuildConfiguration section */

/* Begin XCConfigurationList section */
		849F7F4219AB81EE00962BB1 /* Build configuration list for PBXProject "ZHGreenFuture" */ = {
			isa = XCConfigurationList;
			buildConfigurations = (
				849F7F7A19AB81EE00962BB1 /* Debug */,
				849F7F7B19AB81EE00962BB1 /* Release */,
			);
			defaultConfigurationIsVisible = 0;
			defaultConfigurationName = Release;
		};
		849F7F7C19AB81EE00962BB1 /* Build configuration list for PBXNativeTarget "ZHGreenFuture" */ = {
			isa = XCConfigurationList;
			buildConfigurations = (
				849F7F7D19AB81EE00962BB1 /* Debug */,
				849F7F7E19AB81EE00962BB1 /* Release */,
			);
			defaultConfigurationIsVisible = 0;
		};
		849F7F7F19AB81EE00962BB1 /* Build configuration list for PBXNativeTarget "ZHGreenFutureTests" */ = {
			isa = XCConfigurationList;
			buildConfigurations = (
				849F7F8019AB81EE00962BB1 /* Debug */,
				849F7F8119AB81EE00962BB1 /* Release */,
			);
			defaultConfigurationIsVisible = 0;
		};
/* End XCConfigurationList section */
	};
	rootObject = 849F7F3F19AB81EE00962BB1 /* Project object */;
}
